
Microsoft Visual Studio Solution File, Format Version 12.00
# Visual Studio Version 16
VisualStudioVersion = 16.0.29920.165
MinimumVisualStudioVersion = 10.0.40219.1
Project("{FAE04EC0-301F-11D3-BF4B-00C04F79EFBC}") = "Mud.Network", "Mud.Network\Mud.Network.csproj", "{C911CF12-D355-4814-91BB-A68D05ADE97C}"
EndProject
Project("{FAE04EC0-301F-11D3-BF4B-00C04F79EFBC}") = "Mud.Server.TestApplication", "Mud.Server.TestApplication\Mud.Server.TestApplication.csproj", "{EF338509-9608-4B2F-B9D1-6355A03BCC82}"
EndProject
Project("{FAE04EC0-301F-11D3-BF4B-00C04F79EFBC}") = "Mud.Logger", "Mud.Logger\Mud.Logger.csproj", "{4E337998-ECAB-493B-9FAA-01366EE90EFF}"
EndProject
Project("{2150E333-8FDC-42A3-9474-1A3956D46DE8}") = "Solution Items", "Solution Items", "{5337A639-8D6A-4F63-83CC-E2CED6D36DD5}"
	ProjectSection(SolutionItems) = preProject
		AREA file format.txt = AREA file format.txt
		README.txt = README.txt
		TODO.txt = TODO.txt
	EndProjectSection
EndProject
Project("{FAE04EC0-301F-11D3-BF4B-00C04F79EFBC}") = "Mud.Importer.Mystery", "Mud.Importer.Mystery\Mud.Importer.Mystery.csproj", "{B461B0BD-82F7-41E5-B3BA-E364A3F1F61D}"
EndProject
Project("{FAE04EC0-301F-11D3-BF4B-00C04F79EFBC}") = "Mud.Importer", "Mud.Importer\Mud.Importer.csproj", "{3A7F2847-D754-4EB1-AD57-805DF4F9241F}"
EndProject
Project("{FAE04EC0-301F-11D3-BF4B-00C04F79EFBC}") = "Mud.Network.Telnet", "Mud.Network.Telnet\Mud.Network.Telnet.csproj", "{724EAACF-1475-4F47-8109-4C9EBE6A72DA}"
EndProject
Project("{FAE04EC0-301F-11D3-BF4B-00C04F79EFBC}") = "Mud.Server", "Mud.Server\Mud.Server.csproj", "{500B0C50-09F7-4A68-91C3-619E12157AAD}"
EndProject
Project("{FAE04EC0-301F-11D3-BF4B-00C04F79EFBC}") = "Mud.Server.Tests", "Mud.Server.Tests\Mud.Server.Tests.csproj", "{789A37E6-D166-47E3-80AE-90C9159271F3}"
EndProject
Project("{FAE04EC0-301F-11D3-BF4B-00C04F79EFBC}") = "Mud.POC", "Mud.POC\Mud.POC.csproj", "{628AEB23-CBE8-4B89-A1B6-AB6B1C22D0FC}"
EndProject
Project("{FAE04EC0-301F-11D3-BF4B-00C04F79EFBC}") = "Mud.DataStructures", "Mud.DataStructures\Mud.DataStructures.csproj", "{00B458AF-C87B-4558-8BA7-B21D9626621E}"
EndProject
Project("{FAE04EC0-301F-11D3-BF4B-00C04F79EFBC}") = "Mud.Server.Input", "Mud.Server.Input\Mud.Server.Input.csproj", "{3E2BD396-17B9-423E-9114-9E215B468267}"
EndProject
Project("{FAE04EC0-301F-11D3-BF4B-00C04F79EFBC}") = "Mud.Server.Blueprints", "Mud.Server.Blueprints\Mud.Server.Blueprints.csproj", "{B85FDC6F-9D3F-4B24-AF53-AA30B6244BAB}"
EndProject
Project("{FAE04EC0-301F-11D3-BF4B-00C04F79EFBC}") = "Mud.Server.WPFTestApplication", "Mud.Server.WPFTestApplication\Mud.Server.WPFTestApplication.csproj", "{094D6E52-B9EF-4A1E-808E-CF6A0DBECA42}"
EndProject
Project("{FAE04EC0-301F-11D3-BF4B-00C04F79EFBC}") = "Mud.Repository", "Mud.Repository\Mud.Repository.csproj", "{2C853490-7908-4E36-B906-72EBA82B4236}"
EndProject
Project("{FAE04EC0-301F-11D3-BF4B-00C04F79EFBC}") = "Mud.Repository.Filesystem", "Mud.Repository.Filesystem\Mud.Repository.Filesystem.csproj", "{520950BD-51EB-4C0E-AEA4-A6CEC62B23FC}"
EndProject
Project("{FAE04EC0-301F-11D3-BF4B-00C04F79EFBC}") = "Mud.Repository.Mongo", "Mud.Repository.Mongo\Mud.Repository.Mongo.csproj", "{E493E419-B6AB-4EE0-BD8B-0B2EA775849F}"
EndProject
Project("{FAE04EC0-301F-11D3-BF4B-00C04F79EFBC}") = "Mud.Server.Common", "Mud.Server.Common\Mud.Server.Common.csproj", "{D1A7D787-0FE7-4281-9458-D2C8F728E404}"
EndProject
Project("{FAE04EC0-301F-11D3-BF4B-00C04F79EFBC}") = "Mud.Importer.Rom", "Mud.Importer.Rom\Mud.Importer.Rom.csproj", "{5BE3B1DC-2039-450C-AD58-AB35620FFC4E}"
EndProject
Project("{FAE04EC0-301F-11D3-BF4B-00C04F79EFBC}") = "Mud.Container", "Mud.Container\Mud.Container.csproj", "{B9D5A4DD-8418-4E00-BC90-582359F7F05D}"
EndProject
Project("{FAE04EC0-301F-11D3-BF4B-00C04F79EFBC}") = "Mud.Domain", "Mud.Domain\Mud.Domain.csproj", "{0CA7B0B7-273A-4C00-9CB7-D9951AC0BDCE}"
EndProject
Project("{FAE04EC0-301F-11D3-BF4B-00C04F79EFBC}") = "Mud.Settings", "Mud.Settings\Mud.Settings.csproj", "{F74408D4-1C69-43C5-AE59-8BAEC3F66AC7}"
EndProject
Global
	GlobalSection(SolutionConfigurationPlatforms) = preSolution
		Debug|Any CPU = Debug|Any CPU
		Debug|x64 = Debug|x64
		Debug|x86 = Debug|x86
		Release|Any CPU = Release|Any CPU
		Release|x64 = Release|x64
		Release|x86 = Release|x86
	EndGlobalSection
	GlobalSection(ProjectConfigurationPlatforms) = postSolution
		{C911CF12-D355-4814-91BB-A68D05ADE97C}.Debug|Any CPU.ActiveCfg = Debug|Any CPU
		{C911CF12-D355-4814-91BB-A68D05ADE97C}.Debug|Any CPU.Build.0 = Debug|Any CPU
		{C911CF12-D355-4814-91BB-A68D05ADE97C}.Debug|x64.ActiveCfg = Debug|x64
		{C911CF12-D355-4814-91BB-A68D05ADE97C}.Debug|x64.Build.0 = Debug|x64
		{C911CF12-D355-4814-91BB-A68D05ADE97C}.Debug|x86.ActiveCfg = Debug|x86
		{C911CF12-D355-4814-91BB-A68D05ADE97C}.Debug|x86.Build.0 = Debug|x86
		{C911CF12-D355-4814-91BB-A68D05ADE97C}.Release|Any CPU.ActiveCfg = Release|Any CPU
		{C911CF12-D355-4814-91BB-A68D05ADE97C}.Release|Any CPU.Build.0 = Release|Any CPU
		{C911CF12-D355-4814-91BB-A68D05ADE97C}.Release|x64.ActiveCfg = Release|x64
		{C911CF12-D355-4814-91BB-A68D05ADE97C}.Release|x64.Build.0 = Release|x64
		{C911CF12-D355-4814-91BB-A68D05ADE97C}.Release|x86.ActiveCfg = Release|x86
		{C911CF12-D355-4814-91BB-A68D05ADE97C}.Release|x86.Build.0 = Release|x86
		{EF338509-9608-4B2F-B9D1-6355A03BCC82}.Debug|Any CPU.ActiveCfg = Debug|Any CPU
		{EF338509-9608-4B2F-B9D1-6355A03BCC82}.Debug|Any CPU.Build.0 = Debug|Any CPU
		{EF338509-9608-4B2F-B9D1-6355A03BCC82}.Debug|x64.ActiveCfg = Debug|x64
		{EF338509-9608-4B2F-B9D1-6355A03BCC82}.Debug|x64.Build.0 = Debug|x64
		{EF338509-9608-4B2F-B9D1-6355A03BCC82}.Debug|x86.ActiveCfg = Debug|x86
		{EF338509-9608-4B2F-B9D1-6355A03BCC82}.Debug|x86.Build.0 = Debug|x86
		{EF338509-9608-4B2F-B9D1-6355A03BCC82}.Release|Any CPU.ActiveCfg = Release|Any CPU
		{EF338509-9608-4B2F-B9D1-6355A03BCC82}.Release|Any CPU.Build.0 = Release|Any CPU
		{EF338509-9608-4B2F-B9D1-6355A03BCC82}.Release|x64.ActiveCfg = Release|x64
		{EF338509-9608-4B2F-B9D1-6355A03BCC82}.Release|x64.Build.0 = Release|x64
		{EF338509-9608-4B2F-B9D1-6355A03BCC82}.Release|x86.ActiveCfg = Release|x86
		{EF338509-9608-4B2F-B9D1-6355A03BCC82}.Release|x86.Build.0 = Release|x86
		{4E337998-ECAB-493B-9FAA-01366EE90EFF}.Debug|Any CPU.ActiveCfg = Debug|Any CPU
		{4E337998-ECAB-493B-9FAA-01366EE90EFF}.Debug|Any CPU.Build.0 = Debug|Any CPU
		{4E337998-ECAB-493B-9FAA-01366EE90EFF}.Debug|x64.ActiveCfg = Debug|x64
		{4E337998-ECAB-493B-9FAA-01366EE90EFF}.Debug|x64.Build.0 = Debug|x64
		{4E337998-ECAB-493B-9FAA-01366EE90EFF}.Debug|x86.ActiveCfg = Debug|x86
		{4E337998-ECAB-493B-9FAA-01366EE90EFF}.Debug|x86.Build.0 = Debug|x86
		{4E337998-ECAB-493B-9FAA-01366EE90EFF}.Release|Any CPU.ActiveCfg = Release|Any CPU
		{4E337998-ECAB-493B-9FAA-01366EE90EFF}.Release|Any CPU.Build.0 = Release|Any CPU
		{4E337998-ECAB-493B-9FAA-01366EE90EFF}.Release|x64.ActiveCfg = Release|x64
		{4E337998-ECAB-493B-9FAA-01366EE90EFF}.Release|x64.Build.0 = Release|x64
		{4E337998-ECAB-493B-9FAA-01366EE90EFF}.Release|x86.ActiveCfg = Release|x86
		{4E337998-ECAB-493B-9FAA-01366EE90EFF}.Release|x86.Build.0 = Release|x86
		{B461B0BD-82F7-41E5-B3BA-E364A3F1F61D}.Debug|Any CPU.ActiveCfg = Debug|Any CPU
		{B461B0BD-82F7-41E5-B3BA-E364A3F1F61D}.Debug|Any CPU.Build.0 = Debug|Any CPU
		{B461B0BD-82F7-41E5-B3BA-E364A3F1F61D}.Debug|x64.ActiveCfg = Debug|x64
		{B461B0BD-82F7-41E5-B3BA-E364A3F1F61D}.Debug|x64.Build.0 = Debug|x64
		{B461B0BD-82F7-41E5-B3BA-E364A3F1F61D}.Debug|x86.ActiveCfg = Debug|x86
		{B461B0BD-82F7-41E5-B3BA-E364A3F1F61D}.Debug|x86.Build.0 = Debug|x86
		{B461B0BD-82F7-41E5-B3BA-E364A3F1F61D}.Release|Any CPU.ActiveCfg = Release|Any CPU
		{B461B0BD-82F7-41E5-B3BA-E364A3F1F61D}.Release|Any CPU.Build.0 = Release|Any CPU
		{B461B0BD-82F7-41E5-B3BA-E364A3F1F61D}.Release|x64.ActiveCfg = Release|x64
		{B461B0BD-82F7-41E5-B3BA-E364A3F1F61D}.Release|x64.Build.0 = Release|x64
		{B461B0BD-82F7-41E5-B3BA-E364A3F1F61D}.Release|x86.ActiveCfg = Release|x86
		{B461B0BD-82F7-41E5-B3BA-E364A3F1F61D}.Release|x86.Build.0 = Release|x86
		{3A7F2847-D754-4EB1-AD57-805DF4F9241F}.Debug|Any CPU.ActiveCfg = Debug|Any CPU
		{3A7F2847-D754-4EB1-AD57-805DF4F9241F}.Debug|Any CPU.Build.0 = Debug|Any CPU
		{3A7F2847-D754-4EB1-AD57-805DF4F9241F}.Debug|x64.ActiveCfg = Debug|x64
		{3A7F2847-D754-4EB1-AD57-805DF4F9241F}.Debug|x64.Build.0 = Debug|x64
		{3A7F2847-D754-4EB1-AD57-805DF4F9241F}.Debug|x86.ActiveCfg = Debug|x86
		{3A7F2847-D754-4EB1-AD57-805DF4F9241F}.Debug|x86.Build.0 = Debug|x86
		{3A7F2847-D754-4EB1-AD57-805DF4F9241F}.Release|Any CPU.ActiveCfg = Release|Any CPU
		{3A7F2847-D754-4EB1-AD57-805DF4F9241F}.Release|Any CPU.Build.0 = Release|Any CPU
		{3A7F2847-D754-4EB1-AD57-805DF4F9241F}.Release|x64.ActiveCfg = Release|x64
		{3A7F2847-D754-4EB1-AD57-805DF4F9241F}.Release|x64.Build.0 = Release|x64
		{3A7F2847-D754-4EB1-AD57-805DF4F9241F}.Release|x86.ActiveCfg = Release|x86
		{3A7F2847-D754-4EB1-AD57-805DF4F9241F}.Release|x86.Build.0 = Release|x86
		{724EAACF-1475-4F47-8109-4C9EBE6A72DA}.Debug|Any CPU.ActiveCfg = Debug|Any CPU
		{724EAACF-1475-4F47-8109-4C9EBE6A72DA}.Debug|Any CPU.Build.0 = Debug|Any CPU
		{724EAACF-1475-4F47-8109-4C9EBE6A72DA}.Debug|x64.ActiveCfg = Debug|x64
		{724EAACF-1475-4F47-8109-4C9EBE6A72DA}.Debug|x64.Build.0 = Debug|x64
		{724EAACF-1475-4F47-8109-4C9EBE6A72DA}.Debug|x86.ActiveCfg = Debug|x86
		{724EAACF-1475-4F47-8109-4C9EBE6A72DA}.Debug|x86.Build.0 = Debug|x86
		{724EAACF-1475-4F47-8109-4C9EBE6A72DA}.Release|Any CPU.ActiveCfg = Release|Any CPU
		{724EAACF-1475-4F47-8109-4C9EBE6A72DA}.Release|Any CPU.Build.0 = Release|Any CPU
		{724EAACF-1475-4F47-8109-4C9EBE6A72DA}.Release|x64.ActiveCfg = Release|x64
		{724EAACF-1475-4F47-8109-4C9EBE6A72DA}.Release|x64.Build.0 = Release|x64
		{724EAACF-1475-4F47-8109-4C9EBE6A72DA}.Release|x86.ActiveCfg = Release|x86
		{724EAACF-1475-4F47-8109-4C9EBE6A72DA}.Release|x86.Build.0 = Release|x86
		{500B0C50-09F7-4A68-91C3-619E12157AAD}.Debug|Any CPU.ActiveCfg = Debug|Any CPU
		{500B0C50-09F7-4A68-91C3-619E12157AAD}.Debug|Any CPU.Build.0 = Debug|Any CPU
		{500B0C50-09F7-4A68-91C3-619E12157AAD}.Debug|x64.ActiveCfg = Debug|x64
		{500B0C50-09F7-4A68-91C3-619E12157AAD}.Debug|x64.Build.0 = Debug|x64
		{500B0C50-09F7-4A68-91C3-619E12157AAD}.Debug|x86.ActiveCfg = Debug|x86
		{500B0C50-09F7-4A68-91C3-619E12157AAD}.Debug|x86.Build.0 = Debug|x86
		{500B0C50-09F7-4A68-91C3-619E12157AAD}.Release|Any CPU.ActiveCfg = Release|Any CPU
		{500B0C50-09F7-4A68-91C3-619E12157AAD}.Release|Any CPU.Build.0 = Release|Any CPU
		{500B0C50-09F7-4A68-91C3-619E12157AAD}.Release|x64.ActiveCfg = Release|x64
		{500B0C50-09F7-4A68-91C3-619E12157AAD}.Release|x64.Build.0 = Release|x64
		{500B0C50-09F7-4A68-91C3-619E12157AAD}.Release|x86.ActiveCfg = Release|x86
		{500B0C50-09F7-4A68-91C3-619E12157AAD}.Release|x86.Build.0 = Release|x86
		{789A37E6-D166-47E3-80AE-90C9159271F3}.Debug|Any CPU.ActiveCfg = Debug|Any CPU
		{789A37E6-D166-47E3-80AE-90C9159271F3}.Debug|Any CPU.Build.0 = Debug|Any CPU
		{789A37E6-D166-47E3-80AE-90C9159271F3}.Debug|x64.ActiveCfg = Debug|x64
		{789A37E6-D166-47E3-80AE-90C9159271F3}.Debug|x64.Build.0 = Debug|x64
		{789A37E6-D166-47E3-80AE-90C9159271F3}.Debug|x86.ActiveCfg = Debug|x86
		{789A37E6-D166-47E3-80AE-90C9159271F3}.Debug|x86.Build.0 = Debug|x86
		{789A37E6-D166-47E3-80AE-90C9159271F3}.Release|Any CPU.ActiveCfg = Release|Any CPU
		{789A37E6-D166-47E3-80AE-90C9159271F3}.Release|Any CPU.Build.0 = Release|Any CPU
		{789A37E6-D166-47E3-80AE-90C9159271F3}.Release|x64.ActiveCfg = Release|x64
		{789A37E6-D166-47E3-80AE-90C9159271F3}.Release|x64.Build.0 = Release|x64
		{789A37E6-D166-47E3-80AE-90C9159271F3}.Release|x86.ActiveCfg = Release|x86
		{789A37E6-D166-47E3-80AE-90C9159271F3}.Release|x86.Build.0 = Release|x86
		{628AEB23-CBE8-4B89-A1B6-AB6B1C22D0FC}.Debug|Any CPU.ActiveCfg = Debug|Any CPU
		{628AEB23-CBE8-4B89-A1B6-AB6B1C22D0FC}.Debug|Any CPU.Build.0 = Debug|Any CPU
		{628AEB23-CBE8-4B89-A1B6-AB6B1C22D0FC}.Debug|x64.ActiveCfg = Debug|x64
		{628AEB23-CBE8-4B89-A1B6-AB6B1C22D0FC}.Debug|x64.Build.0 = Debug|x64
		{628AEB23-CBE8-4B89-A1B6-AB6B1C22D0FC}.Debug|x86.ActiveCfg = Debug|x86
		{628AEB23-CBE8-4B89-A1B6-AB6B1C22D0FC}.Debug|x86.Build.0 = Debug|x86
		{628AEB23-CBE8-4B89-A1B6-AB6B1C22D0FC}.Release|Any CPU.ActiveCfg = Release|Any CPU
		{628AEB23-CBE8-4B89-A1B6-AB6B1C22D0FC}.Release|Any CPU.Build.0 = Release|Any CPU
		{628AEB23-CBE8-4B89-A1B6-AB6B1C22D0FC}.Release|x64.ActiveCfg = Release|x64
		{628AEB23-CBE8-4B89-A1B6-AB6B1C22D0FC}.Release|x64.Build.0 = Release|x64
		{628AEB23-CBE8-4B89-A1B6-AB6B1C22D0FC}.Release|x86.ActiveCfg = Release|x86
		{628AEB23-CBE8-4B89-A1B6-AB6B1C22D0FC}.Release|x86.Build.0 = Release|x86
		{00B458AF-C87B-4558-8BA7-B21D9626621E}.Debug|Any CPU.ActiveCfg = Debug|Any CPU
		{00B458AF-C87B-4558-8BA7-B21D9626621E}.Debug|Any CPU.Build.0 = Debug|Any CPU
		{00B458AF-C87B-4558-8BA7-B21D9626621E}.Debug|x64.ActiveCfg = Debug|x64
		{00B458AF-C87B-4558-8BA7-B21D9626621E}.Debug|x64.Build.0 = Debug|x64
		{00B458AF-C87B-4558-8BA7-B21D9626621E}.Debug|x86.ActiveCfg = Debug|x86
		{00B458AF-C87B-4558-8BA7-B21D9626621E}.Debug|x86.Build.0 = Debug|x86
		{00B458AF-C87B-4558-8BA7-B21D9626621E}.Release|Any CPU.ActiveCfg = Release|Any CPU
		{00B458AF-C87B-4558-8BA7-B21D9626621E}.Release|Any CPU.Build.0 = Release|Any CPU
		{00B458AF-C87B-4558-8BA7-B21D9626621E}.Release|x64.ActiveCfg = Release|x64
		{00B458AF-C87B-4558-8BA7-B21D9626621E}.Release|x64.Build.0 = Release|x64
		{00B458AF-C87B-4558-8BA7-B21D9626621E}.Release|x86.ActiveCfg = Release|x86
		{00B458AF-C87B-4558-8BA7-B21D9626621E}.Release|x86.Build.0 = Release|x86
		{3E2BD396-17B9-423E-9114-9E215B468267}.Debug|Any CPU.ActiveCfg = Debug|Any CPU
		{3E2BD396-17B9-423E-9114-9E215B468267}.Debug|Any CPU.Build.0 = Debug|Any CPU
		{3E2BD396-17B9-423E-9114-9E215B468267}.Debug|x64.ActiveCfg = Debug|x64
		{3E2BD396-17B9-423E-9114-9E215B468267}.Debug|x64.Build.0 = Debug|x64
		{3E2BD396-17B9-423E-9114-9E215B468267}.Debug|x86.ActiveCfg = Debug|x86
		{3E2BD396-17B9-423E-9114-9E215B468267}.Debug|x86.Build.0 = Debug|x86
		{3E2BD396-17B9-423E-9114-9E215B468267}.Release|Any CPU.ActiveCfg = Release|Any CPU
		{3E2BD396-17B9-423E-9114-9E215B468267}.Release|Any CPU.Build.0 = Release|Any CPU
		{3E2BD396-17B9-423E-9114-9E215B468267}.Release|x64.ActiveCfg = Release|x64
		{3E2BD396-17B9-423E-9114-9E215B468267}.Release|x64.Build.0 = Release|x64
		{3E2BD396-17B9-423E-9114-9E215B468267}.Release|x86.ActiveCfg = Release|x86
		{3E2BD396-17B9-423E-9114-9E215B468267}.Release|x86.Build.0 = Release|x86
		{B85FDC6F-9D3F-4B24-AF53-AA30B6244BAB}.Debug|Any CPU.ActiveCfg = Debug|Any CPU
		{B85FDC6F-9D3F-4B24-AF53-AA30B6244BAB}.Debug|Any CPU.Build.0 = Debug|Any CPU
		{B85FDC6F-9D3F-4B24-AF53-AA30B6244BAB}.Debug|x64.ActiveCfg = Debug|x64
		{B85FDC6F-9D3F-4B24-AF53-AA30B6244BAB}.Debug|x64.Build.0 = Debug|x64
		{B85FDC6F-9D3F-4B24-AF53-AA30B6244BAB}.Debug|x86.ActiveCfg = Debug|x86
		{B85FDC6F-9D3F-4B24-AF53-AA30B6244BAB}.Debug|x86.Build.0 = Debug|x86
		{B85FDC6F-9D3F-4B24-AF53-AA30B6244BAB}.Release|Any CPU.ActiveCfg = Release|Any CPU
		{B85FDC6F-9D3F-4B24-AF53-AA30B6244BAB}.Release|Any CPU.Build.0 = Release|Any CPU
		{B85FDC6F-9D3F-4B24-AF53-AA30B6244BAB}.Release|x64.ActiveCfg = Release|x64
		{B85FDC6F-9D3F-4B24-AF53-AA30B6244BAB}.Release|x64.Build.0 = Release|x64
		{B85FDC6F-9D3F-4B24-AF53-AA30B6244BAB}.Release|x86.ActiveCfg = Release|x86
		{B85FDC6F-9D3F-4B24-AF53-AA30B6244BAB}.Release|x86.Build.0 = Release|x86
		{094D6E52-B9EF-4A1E-808E-CF6A0DBECA42}.Debug|Any CPU.ActiveCfg = Debug|Any CPU
		{094D6E52-B9EF-4A1E-808E-CF6A0DBECA42}.Debug|Any CPU.Build.0 = Debug|Any CPU
		{094D6E52-B9EF-4A1E-808E-CF6A0DBECA42}.Debug|x64.ActiveCfg = Debug|x64
		{094D6E52-B9EF-4A1E-808E-CF6A0DBECA42}.Debug|x64.Build.0 = Debug|x64
		{094D6E52-B9EF-4A1E-808E-CF6A0DBECA42}.Debug|x86.ActiveCfg = Debug|x86
		{094D6E52-B9EF-4A1E-808E-CF6A0DBECA42}.Debug|x86.Build.0 = Debug|x86
		{094D6E52-B9EF-4A1E-808E-CF6A0DBECA42}.Release|Any CPU.ActiveCfg = Release|Any CPU
		{094D6E52-B9EF-4A1E-808E-CF6A0DBECA42}.Release|Any CPU.Build.0 = Release|Any CPU
		{094D6E52-B9EF-4A1E-808E-CF6A0DBECA42}.Release|x64.ActiveCfg = Release|x64
		{094D6E52-B9EF-4A1E-808E-CF6A0DBECA42}.Release|x64.Build.0 = Release|x64
		{094D6E52-B9EF-4A1E-808E-CF6A0DBECA42}.Release|x86.ActiveCfg = Release|x86
		{094D6E52-B9EF-4A1E-808E-CF6A0DBECA42}.Release|x86.Build.0 = Release|x86
		{2C853490-7908-4E36-B906-72EBA82B4236}.Debug|Any CPU.ActiveCfg = Debug|Any CPU
		{2C853490-7908-4E36-B906-72EBA82B4236}.Debug|Any CPU.Build.0 = Debug|Any CPU
		{2C853490-7908-4E36-B906-72EBA82B4236}.Debug|x64.ActiveCfg = Debug|x64
		{2C853490-7908-4E36-B906-72EBA82B4236}.Debug|x64.Build.0 = Debug|x64
		{2C853490-7908-4E36-B906-72EBA82B4236}.Debug|x86.ActiveCfg = Debug|x86
		{2C853490-7908-4E36-B906-72EBA82B4236}.Debug|x86.Build.0 = Debug|x86
		{2C853490-7908-4E36-B906-72EBA82B4236}.Release|Any CPU.ActiveCfg = Release|Any CPU
		{2C853490-7908-4E36-B906-72EBA82B4236}.Release|Any CPU.Build.0 = Release|Any CPU
		{2C853490-7908-4E36-B906-72EBA82B4236}.Release|x64.ActiveCfg = Release|x64
		{2C853490-7908-4E36-B906-72EBA82B4236}.Release|x64.Build.0 = Release|x64
		{2C853490-7908-4E36-B906-72EBA82B4236}.Release|x86.ActiveCfg = Release|x86
		{2C853490-7908-4E36-B906-72EBA82B4236}.Release|x86.Build.0 = Release|x86
		{520950BD-51EB-4C0E-AEA4-A6CEC62B23FC}.Debug|Any CPU.ActiveCfg = Debug|Any CPU
		{520950BD-51EB-4C0E-AEA4-A6CEC62B23FC}.Debug|Any CPU.Build.0 = Debug|Any CPU
		{520950BD-51EB-4C0E-AEA4-A6CEC62B23FC}.Debug|x64.ActiveCfg = Debug|x64
		{520950BD-51EB-4C0E-AEA4-A6CEC62B23FC}.Debug|x64.Build.0 = Debug|x64
		{520950BD-51EB-4C0E-AEA4-A6CEC62B23FC}.Debug|x86.ActiveCfg = Debug|x86
		{520950BD-51EB-4C0E-AEA4-A6CEC62B23FC}.Debug|x86.Build.0 = Debug|x86
		{520950BD-51EB-4C0E-AEA4-A6CEC62B23FC}.Release|Any CPU.ActiveCfg = Release|Any CPU
		{520950BD-51EB-4C0E-AEA4-A6CEC62B23FC}.Release|Any CPU.Build.0 = Release|Any CPU
		{520950BD-51EB-4C0E-AEA4-A6CEC62B23FC}.Release|x64.ActiveCfg = Release|x64
		{520950BD-51EB-4C0E-AEA4-A6CEC62B23FC}.Release|x64.Build.0 = Release|x64
		{520950BD-51EB-4C0E-AEA4-A6CEC62B23FC}.Release|x86.ActiveCfg = Release|x86
		{520950BD-51EB-4C0E-AEA4-A6CEC62B23FC}.Release|x86.Build.0 = Release|x86
		{E493E419-B6AB-4EE0-BD8B-0B2EA775849F}.Debug|Any CPU.ActiveCfg = Debug|Any CPU
		{E493E419-B6AB-4EE0-BD8B-0B2EA775849F}.Debug|Any CPU.Build.0 = Debug|Any CPU
		{E493E419-B6AB-4EE0-BD8B-0B2EA775849F}.Debug|x64.ActiveCfg = Debug|x64
		{E493E419-B6AB-4EE0-BD8B-0B2EA775849F}.Debug|x64.Build.0 = Debug|x64
		{E493E419-B6AB-4EE0-BD8B-0B2EA775849F}.Debug|x86.ActiveCfg = Debug|x86
		{E493E419-B6AB-4EE0-BD8B-0B2EA775849F}.Debug|x86.Build.0 = Debug|x86
		{E493E419-B6AB-4EE0-BD8B-0B2EA775849F}.Release|Any CPU.ActiveCfg = Release|Any CPU
		{E493E419-B6AB-4EE0-BD8B-0B2EA775849F}.Release|Any CPU.Build.0 = Release|Any CPU
		{E493E419-B6AB-4EE0-BD8B-0B2EA775849F}.Release|x64.ActiveCfg = Release|x64
		{E493E419-B6AB-4EE0-BD8B-0B2EA775849F}.Release|x64.Build.0 = Release|x64
		{E493E419-B6AB-4EE0-BD8B-0B2EA775849F}.Release|x86.ActiveCfg = Release|x86
		{E493E419-B6AB-4EE0-BD8B-0B2EA775849F}.Release|x86.Build.0 = Release|x86
		{D1A7D787-0FE7-4281-9458-D2C8F728E404}.Debug|Any CPU.ActiveCfg = Debug|Any CPU
		{D1A7D787-0FE7-4281-9458-D2C8F728E404}.Debug|Any CPU.Build.0 = Debug|Any CPU
		{D1A7D787-0FE7-4281-9458-D2C8F728E404}.Debug|x64.ActiveCfg = Debug|x64
		{D1A7D787-0FE7-4281-9458-D2C8F728E404}.Debug|x64.Build.0 = Debug|x64
		{D1A7D787-0FE7-4281-9458-D2C8F728E404}.Debug|x86.ActiveCfg = Debug|x86
		{D1A7D787-0FE7-4281-9458-D2C8F728E404}.Debug|x86.Build.0 = Debug|x86
		{D1A7D787-0FE7-4281-9458-D2C8F728E404}.Release|Any CPU.ActiveCfg = Release|Any CPU
		{D1A7D787-0FE7-4281-9458-D2C8F728E404}.Release|Any CPU.Build.0 = Release|Any CPU
		{D1A7D787-0FE7-4281-9458-D2C8F728E404}.Release|x64.ActiveCfg = Release|x64
		{D1A7D787-0FE7-4281-9458-D2C8F728E404}.Release|x64.Build.0 = Release|x64
		{D1A7D787-0FE7-4281-9458-D2C8F728E404}.Release|x86.ActiveCfg = Release|x86
		{D1A7D787-0FE7-4281-9458-D2C8F728E404}.Release|x86.Build.0 = Release|x86
		{5BE3B1DC-2039-450C-AD58-AB35620FFC4E}.Debug|Any CPU.ActiveCfg = Debug|Any CPU
		{5BE3B1DC-2039-450C-AD58-AB35620FFC4E}.Debug|Any CPU.Build.0 = Debug|Any CPU
		{5BE3B1DC-2039-450C-AD58-AB35620FFC4E}.Debug|x64.ActiveCfg = Debug|x64
		{5BE3B1DC-2039-450C-AD58-AB35620FFC4E}.Debug|x64.Build.0 = Debug|x64
		{5BE3B1DC-2039-450C-AD58-AB35620FFC4E}.Debug|x86.ActiveCfg = Debug|x86
		{5BE3B1DC-2039-450C-AD58-AB35620FFC4E}.Debug|x86.Build.0 = Debug|x86
		{5BE3B1DC-2039-450C-AD58-AB35620FFC4E}.Release|Any CPU.ActiveCfg = Release|Any CPU
		{5BE3B1DC-2039-450C-AD58-AB35620FFC4E}.Release|Any CPU.Build.0 = Release|Any CPU
		{5BE3B1DC-2039-450C-AD58-AB35620FFC4E}.Release|x64.ActiveCfg = Release|x64
		{5BE3B1DC-2039-450C-AD58-AB35620FFC4E}.Release|x64.Build.0 = Release|x64
		{5BE3B1DC-2039-450C-AD58-AB35620FFC4E}.Release|x86.ActiveCfg = Release|x86
		{5BE3B1DC-2039-450C-AD58-AB35620FFC4E}.Release|x86.Build.0 = Release|x86
		{B9D5A4DD-8418-4E00-BC90-582359F7F05D}.Debug|Any CPU.ActiveCfg = Debug|Any CPU
		{B9D5A4DD-8418-4E00-BC90-582359F7F05D}.Debug|Any CPU.Build.0 = Debug|Any CPU
		{B9D5A4DD-8418-4E00-BC90-582359F7F05D}.Debug|x64.ActiveCfg = Debug|x64
		{B9D5A4DD-8418-4E00-BC90-582359F7F05D}.Debug|x64.Build.0 = Debug|x64
		{B9D5A4DD-8418-4E00-BC90-582359F7F05D}.Debug|x86.ActiveCfg = Debug|x86
		{B9D5A4DD-8418-4E00-BC90-582359F7F05D}.Debug|x86.Build.0 = Debug|x86
		{B9D5A4DD-8418-4E00-BC90-582359F7F05D}.Release|Any CPU.ActiveCfg = Release|Any CPU
		{B9D5A4DD-8418-4E00-BC90-582359F7F05D}.Release|Any CPU.Build.0 = Release|Any CPU
		{B9D5A4DD-8418-4E00-BC90-582359F7F05D}.Release|x64.ActiveCfg = Release|x64
		{B9D5A4DD-8418-4E00-BC90-582359F7F05D}.Release|x64.Build.0 = Release|x64
		{B9D5A4DD-8418-4E00-BC90-582359F7F05D}.Release|x86.ActiveCfg = Release|x86
		{B9D5A4DD-8418-4E00-BC90-582359F7F05D}.Release|x86.Build.0 = Release|x86
		{0CA7B0B7-273A-4C00-9CB7-D9951AC0BDCE}.Debug|Any CPU.ActiveCfg = Debug|Any CPU
		{0CA7B0B7-273A-4C00-9CB7-D9951AC0BDCE}.Debug|Any CPU.Build.0 = Debug|Any CPU
		{0CA7B0B7-273A-4C00-9CB7-D9951AC0BDCE}.Debug|x64.ActiveCfg = Debug|x64
		{0CA7B0B7-273A-4C00-9CB7-D9951AC0BDCE}.Debug|x64.Build.0 = Debug|x64
		{0CA7B0B7-273A-4C00-9CB7-D9951AC0BDCE}.Debug|x86.ActiveCfg = Debug|x86
		{0CA7B0B7-273A-4C00-9CB7-D9951AC0BDCE}.Debug|x86.Build.0 = Debug|x86
		{0CA7B0B7-273A-4C00-9CB7-D9951AC0BDCE}.Release|Any CPU.ActiveCfg = Release|Any CPU
		{0CA7B0B7-273A-4C00-9CB7-D9951AC0BDCE}.Release|Any CPU.Build.0 = Release|Any CPU
		{0CA7B0B7-273A-4C00-9CB7-D9951AC0BDCE}.Release|x64.ActiveCfg = Release|x64
		{0CA7B0B7-273A-4C00-9CB7-D9951AC0BDCE}.Release|x64.Build.0 = Release|x64
		{0CA7B0B7-273A-4C00-9CB7-D9951AC0BDCE}.Release|x86.ActiveCfg = Release|x86
		{0CA7B0B7-273A-4C00-9CB7-D9951AC0BDCE}.Release|x86.Build.0 = Release|x86
		{F74408D4-1C69-43C5-AE59-8BAEC3F66AC7}.Debug|Any CPU.ActiveCfg = Debug|Any CPU
		{F74408D4-1C69-43C5-AE59-8BAEC3F66AC7}.Debug|Any CPU.Build.0 = Debug|Any CPU
		{F74408D4-1C69-43C5-AE59-8BAEC3F66AC7}.Debug|x64.ActiveCfg = Debug|x64
		{F74408D4-1C69-43C5-AE59-8BAEC3F66AC7}.Debug|x64.Build.0 = Debug|x64
		{F74408D4-1C69-43C5-AE59-8BAEC3F66AC7}.Debug|x86.ActiveCfg = Debug|x86
		{F74408D4-1C69-43C5-AE59-8BAEC3F66AC7}.Debug|x86.Build.0 = Debug|x86
		{F74408D4-1C69-43C5-AE59-8BAEC3F66AC7}.Release|Any CPU.ActiveCfg = Release|Any CPU
		{F74408D4-1C69-43C5-AE59-8BAEC3F66AC7}.Release|Any CPU.Build.0 = Release|Any CPU
		{F74408D4-1C69-43C5-AE59-8BAEC3F66AC7}.Release|x64.ActiveCfg = Release|x64
		{F74408D4-1C69-43C5-AE59-8BAEC3F66AC7}.Release|x64.Build.0 = Release|x64
		{F74408D4-1C69-43C5-AE59-8BAEC3F66AC7}.Release|x86.ActiveCfg = Release|x86
		{F74408D4-1C69-43C5-AE59-8BAEC3F66AC7}.Release|x86.Build.0 = Release|x86
	EndGlobalSection
	GlobalSection(SolutionProperties) = preSolution
		HideSolutionNode = FALSE
	EndGlobalSection
	GlobalSection(ExtensibilityGlobals) = postSolution
		SolutionGuid = {52511B7C-61D3-428F-BE8C-65D4DEAC01A0}
	EndGlobalSection
EndGlobal
