
Microsoft Visual Studio Solution File, Format Version 12.00
# Visual Studio Version 17
VisualStudioVersion = 17.14.36603.0
MinimumVisualStudioVersion = 10.0.40219.1
Project("{FAE04EC0-301F-11D3-BF4B-00C04F79EFBC}") = "Mud.Network.Interfaces", "Mud.Network.Interfaces\Mud.Network.Interfaces.csproj", "{C911CF12-D355-4814-91BB-A68D05ADE97C}"
EndProject
Project("{2150E333-8FDC-42A3-9474-1A3956D46DE8}") = "Solution Items", "Solution Items", "{5337A639-8D6A-4F63-83CC-E2CED6D36DD5}"
	ProjectSection(SolutionItems) = preProject
		ISSUES.txt = ISSUES.txt
		MERC file format.txt = MERC file format.txt
		README.txt = README.txt
		ROM file format.txt = ROM file format.txt
		ROM24B6.txt = ROM24B6.txt
		TODO.txt = TODO.txt
	EndProjectSection
EndProject
Project("{FAE04EC0-301F-11D3-BF4B-00C04F79EFBC}") = "Mud.Importer.Mystery", "Mud.Importer.Mystery\Mud.Importer.Mystery.csproj", "{B461B0BD-82F7-41E5-B3BA-E364A3F1F61D}"
EndProject
Project("{FAE04EC0-301F-11D3-BF4B-00C04F79EFBC}") = "Mud.Importer", "Mud.Importer\Mud.Importer.csproj", "{3A7F2847-D754-4EB1-AD57-805DF4F9241F}"
EndProject
Project("{FAE04EC0-301F-11D3-BF4B-00C04F79EFBC}") = "Mud.Network.Telnet", "Mud.Network.Telnet\Mud.Network.Telnet.csproj", "{724EAACF-1475-4F47-8109-4C9EBE6A72DA}"
EndProject
Project("{FAE04EC0-301F-11D3-BF4B-00C04F79EFBC}") = "Mud.Server", "Mud.Server\Mud.Server.csproj", "{500B0C50-09F7-4A68-91C3-619E12157AAD}"
EndProject
Project("{FAE04EC0-301F-11D3-BF4B-00C04F79EFBC}") = "Mud.Server.Tests", "Mud.Server.Tests\Mud.Server.Tests.csproj", "{789A37E6-D166-47E3-80AE-90C9159271F3}"
EndProject
Project("{FAE04EC0-301F-11D3-BF4B-00C04F79EFBC}") = "Mud.POC", "Mud.POC\Mud.POC.csproj", "{628AEB23-CBE8-4B89-A1B6-AB6B1C22D0FC}"
EndProject
Project("{FAE04EC0-301F-11D3-BF4B-00C04F79EFBC}") = "Mud.DataStructures", "Mud.DataStructures\Mud.DataStructures.csproj", "{00B458AF-C87B-4558-8BA7-B21D9626621E}"
EndProject
Project("{FAE04EC0-301F-11D3-BF4B-00C04F79EFBC}") = "Mud.Server.Blueprints", "Mud.Server.Blueprints\Mud.Server.Blueprints.csproj", "{B85FDC6F-9D3F-4B24-AF53-AA30B6244BAB}"
EndProject
Project("{FAE04EC0-301F-11D3-BF4B-00C04F79EFBC}") = "Mud.Server.WPFTestApplication", "Mud.Server.WPFTestApplication\Mud.Server.WPFTestApplication.csproj", "{094D6E52-B9EF-4A1E-808E-CF6A0DBECA42}"
EndProject
Project("{FAE04EC0-301F-11D3-BF4B-00C04F79EFBC}") = "Mud.Repository.Interfaces", "Mud.Repository.Interfaces\Mud.Repository.Interfaces.csproj", "{2C853490-7908-4E36-B906-72EBA82B4236}"
EndProject
Project("{FAE04EC0-301F-11D3-BF4B-00C04F79EFBC}") = "Mud.Server.Common", "Mud.Server.Common\Mud.Server.Common.csproj", "{D1A7D787-0FE7-4281-9458-D2C8F728E404}"
EndProject
Project("{FAE04EC0-301F-11D3-BF4B-00C04F79EFBC}") = "Mud.Importer.Rom", "Mud.Importer.Rom\Mud.Importer.Rom.csproj", "{5BE3B1DC-2039-450C-AD58-AB35620FFC4E}"
EndProject
Project("{FAE04EC0-301F-11D3-BF4B-00C04F79EFBC}") = "Mud.Domain", "Mud.Domain\Mud.Domain.csproj", "{0CA7B0B7-273A-4C00-9CB7-D9951AC0BDCE}"
EndProject
Project("{FAE04EC0-301F-11D3-BF4B-00C04F79EFBC}") = "Mud.Repository.Tests", "Mud.Repository.Tests\Mud.Repository.Tests.csproj", "{C41805E5-1006-44B7-9B6F-7E25DDE637C1}"
EndProject
Project("{FAE04EC0-301F-11D3-BF4B-00C04F79EFBC}") = "Mud.DataStructures.Tests", "Mud.DataStructures.Tests\Mud.DataStructures.Tests.csproj", "{25081629-0DCF-4C8A-B29C-97FF14355A0A}"
EndProject
Project("{FAE04EC0-301F-11D3-BF4B-00C04F79EFBC}") = "Mud.POC.Tests", "Mud.POC.Tests\Mud.POC.Tests.csproj", "{50F49BEF-1865-48B2-8CB1-C9A5E35A189E}"
EndProject
Project("{FAE04EC0-301F-11D3-BF4B-00C04F79EFBC}") = "Mud.Importer.Rot", "Mud.Importer.Rot\Mud.Importer.Rot.csproj", "{4C7BC035-7C0C-4D18-B225-EFC3556E51FD}"
EndProject
Project("{FAE04EC0-301F-11D3-BF4B-00C04F79EFBC}") = "Mud.Server.Interfaces", "Mud.Server.Interfaces\Mud.Server.Interfaces.csproj", "{01D3F406-AEDA-4C60-951A-6B1133AEC859}"
EndProject
Project("{FAE04EC0-301F-11D3-BF4B-00C04F79EFBC}") = "Mud.Server.Rom24", "Mud.Server.Rom24\Mud.Server.Rom24.csproj", "{8A3A8267-B6A3-441B-BCF1-925B09FF920E}"
EndProject
Project("{FAE04EC0-301F-11D3-BF4B-00C04F79EFBC}") = "Mud.Server.Affects", "Mud.Server.Affects\Mud.Server.Affects.csproj", "{80EA18BC-ABA5-40F7-8483-6B94750CD704}"
EndProject
Project("{FAE04EC0-301F-11D3-BF4B-00C04F79EFBC}") = "Mud.Common", "Mud.Common\Mud.Common.csproj", "{FA516A9E-EA0B-4F74-A5AA-23DE3D109ADC}"
EndProject
Project("{FAE04EC0-301F-11D3-BF4B-00C04F79EFBC}") = "Mud.Server.Ability", "Mud.Server.Ability\Mud.Server.Ability.csproj", "{32F89F23-5D70-4E01-93A1-39EF67EDBAC3}"
EndProject
Project("{FAE04EC0-301F-11D3-BF4B-00C04F79EFBC}") = "Mud.Server.Random", "Mud.Server.Random\Mud.Server.Random.csproj", "{0221CF37-EEC1-4144-91C4-00176A735D34}"
EndProject
Project("{FAE04EC0-301F-11D3-BF4B-00C04F79EFBC}") = "Mud.Server.Class", "Mud.Server.Class\Mud.Server.Class.csproj", "{E4077E94-96EA-4999-AE8F-F93B519E4411}"
EndProject
Project("{FAE04EC0-301F-11D3-BF4B-00C04F79EFBC}") = "Mud.Server.Race", "Mud.Server.Race\Mud.Server.Race.csproj", "{9760A8E7-084E-4574-93E5-3473745E502D}"
EndProject
Project("{FAE04EC0-301F-11D3-BF4B-00C04F79EFBC}") = "Mud.Server.GameAction", "Mud.Server.GameAction\Mud.Server.GameAction.csproj", "{FCD8AD1B-893C-475C-82E3-77F957772FE3}"
EndProject
Project("{FAE04EC0-301F-11D3-BF4B-00C04F79EFBC}") = "Mud.Server.Effects", "Mud.Server.Effects\Mud.Server.Effects.csproj", "{AF96073C-D599-4604-8E8F-60B8BE186745}"
EndProject
Project("{FAE04EC0-301F-11D3-BF4B-00C04F79EFBC}") = "Mud.Server.Flags", "Mud.Server.Flags\Mud.Server.Flags.csproj", "{17B2B5F8-66C4-4E77-B910-C41C0539F436}"
EndProject
Project("{FAE04EC0-301F-11D3-BF4B-00C04F79EFBC}") = "Mud.Server.Flags.Interfaces", "Mud.Server.Flags.Interfaces\Mud.Server.Flags.Interfaces.csproj", "{5B52488B-2CBE-4FC7-9004-E0C23E97907F}"
EndProject
Project("{FAE04EC0-301F-11D3-BF4B-00C04F79EFBC}") = "Mud.Server.POC", "Mud.Server.POC\Mud.Server.POC.csproj", "{080E826A-D582-47F3-9865-457B79E4BCC6}"
EndProject
Project("{FAE04EC0-301F-11D3-BF4B-00C04F79EFBC}") = "Mud.Server.Rom24.Tests", "Mud.Server.Rom24.Tests\Mud.Server.Rom24.Tests.csproj", "{707552CB-AB59-44E6-8118-27BDED057105}"
EndProject
Project("{FAE04EC0-301F-11D3-BF4B-00C04F79EFBC}") = "Mud.Server.Commands", "Mud.Server.Commands\Mud.Server.Commands.csproj", "{E88F9679-4337-4B7A-A501-F9EE90823646}"
EndProject
Project("{FAE04EC0-301F-11D3-BF4B-00C04F79EFBC}") = "Mud.Server.TableGenerator", "Mud.Server.TableGenerator\Mud.Server.TableGenerator.csproj", "{A172453C-4D5A-43F3-9394-87AEE96C010C}"
EndProject
Project("{FAE04EC0-301F-11D3-BF4B-00C04F79EFBC}") = "Mud.Server.Quest", "Mud.Server.Quest\Mud.Server.Quest.csproj", "{8E39B1FE-77E5-4D34-A913-F2CDD11F366F}"
EndProject
Project("{FAE04EC0-301F-11D3-BF4B-00C04F79EFBC}") = "Mud.Server.Group", "Mud.Server.Group\Mud.Server.Group.csproj", "{89092185-300C-425C-9F5A-D6A2E1D6D284}"
EndProject
Project("{FAE04EC0-301F-11D3-BF4B-00C04F79EFBC}") = "Mud.Server.Options", "Mud.Server.Options\Mud.Server.Options.csproj", "{62D6759A-E69C-4DFB-B98A-EF2A9FD5A56D}"
EndProject
Project("{FAE04EC0-301F-11D3-BF4B-00C04F79EFBC}") = "Mud.Repository.Filesystem.Json", "Mud.Repository.Filesystem.Json\Mud.Repository.Filesystem.Json.csproj", "{B8065A3A-6B06-5DE2-8C9C-9301998E7F00}"
EndProject
Project("{FAE04EC0-301F-11D3-BF4B-00C04F79EFBC}") = "Mud.Server.Specials", "Mud.Server.Specials\Mud.Server.Specials.csproj", "{C6EABB72-135C-4D65-B842-3C9BBCCF7266}"
EndProject
Global
	GlobalSection(SolutionConfigurationPlatforms) = preSolution
		Debug|Any CPU = Debug|Any CPU
		Debug|x64 = Debug|x64
		Debug|x86 = Debug|x86
		Release|Any CPU = Release|Any CPU
		Release|x64 = Release|x64
		Release|x86 = Release|x86
	EndGlobalSection
	GlobalSection(ProjectConfigurationPlatforms) = postSolution
		{C911CF12-D355-4814-91BB-A68D05ADE97C}.Debug|Any CPU.ActiveCfg = Debug|Any CPU
		{C911CF12-D355-4814-91BB-A68D05ADE97C}.Debug|Any CPU.Build.0 = Debug|Any CPU
		{C911CF12-D355-4814-91BB-A68D05ADE97C}.Debug|x64.ActiveCfg = Debug|x64
		{C911CF12-D355-4814-91BB-A68D05ADE97C}.Debug|x64.Build.0 = Debug|x64
		{C911CF12-D355-4814-91BB-A68D05ADE97C}.Debug|x86.ActiveCfg = Debug|x86
		{C911CF12-D355-4814-91BB-A68D05ADE97C}.Debug|x86.Build.0 = Debug|x86
		{C911CF12-D355-4814-91BB-A68D05ADE97C}.Release|Any CPU.ActiveCfg = Release|Any CPU
		{C911CF12-D355-4814-91BB-A68D05ADE97C}.Release|Any CPU.Build.0 = Release|Any CPU
		{C911CF12-D355-4814-91BB-A68D05ADE97C}.Release|x64.ActiveCfg = Release|x64
		{C911CF12-D355-4814-91BB-A68D05ADE97C}.Release|x64.Build.0 = Release|x64
		{C911CF12-D355-4814-91BB-A68D05ADE97C}.Release|x86.ActiveCfg = Release|x86
		{C911CF12-D355-4814-91BB-A68D05ADE97C}.Release|x86.Build.0 = Release|x86
		{B461B0BD-82F7-41E5-B3BA-E364A3F1F61D}.Debug|Any CPU.ActiveCfg = Debug|Any CPU
		{B461B0BD-82F7-41E5-B3BA-E364A3F1F61D}.Debug|Any CPU.Build.0 = Debug|Any CPU
		{B461B0BD-82F7-41E5-B3BA-E364A3F1F61D}.Debug|x64.ActiveCfg = Debug|x64
		{B461B0BD-82F7-41E5-B3BA-E364A3F1F61D}.Debug|x64.Build.0 = Debug|x64
		{B461B0BD-82F7-41E5-B3BA-E364A3F1F61D}.Debug|x86.ActiveCfg = Debug|x86
		{B461B0BD-82F7-41E5-B3BA-E364A3F1F61D}.Debug|x86.Build.0 = Debug|x86
		{B461B0BD-82F7-41E5-B3BA-E364A3F1F61D}.Release|Any CPU.ActiveCfg = Release|Any CPU
		{B461B0BD-82F7-41E5-B3BA-E364A3F1F61D}.Release|Any CPU.Build.0 = Release|Any CPU
		{B461B0BD-82F7-41E5-B3BA-E364A3F1F61D}.Release|x64.ActiveCfg = Release|x64
		{B461B0BD-82F7-41E5-B3BA-E364A3F1F61D}.Release|x64.Build.0 = Release|x64
		{B461B0BD-82F7-41E5-B3BA-E364A3F1F61D}.Release|x86.ActiveCfg = Release|x86
		{B461B0BD-82F7-41E5-B3BA-E364A3F1F61D}.Release|x86.Build.0 = Release|x86
		{3A7F2847-D754-4EB1-AD57-805DF4F9241F}.Debug|Any CPU.ActiveCfg = Debug|Any CPU
		{3A7F2847-D754-4EB1-AD57-805DF4F9241F}.Debug|Any CPU.Build.0 = Debug|Any CPU
		{3A7F2847-D754-4EB1-AD57-805DF4F9241F}.Debug|x64.ActiveCfg = Debug|x64
		{3A7F2847-D754-4EB1-AD57-805DF4F9241F}.Debug|x64.Build.0 = Debug|x64
		{3A7F2847-D754-4EB1-AD57-805DF4F9241F}.Debug|x86.ActiveCfg = Debug|x86
		{3A7F2847-D754-4EB1-AD57-805DF4F9241F}.Debug|x86.Build.0 = Debug|x86
		{3A7F2847-D754-4EB1-AD57-805DF4F9241F}.Release|Any CPU.ActiveCfg = Release|Any CPU
		{3A7F2847-D754-4EB1-AD57-805DF4F9241F}.Release|Any CPU.Build.0 = Release|Any CPU
		{3A7F2847-D754-4EB1-AD57-805DF4F9241F}.Release|x64.ActiveCfg = Release|x64
		{3A7F2847-D754-4EB1-AD57-805DF4F9241F}.Release|x64.Build.0 = Release|x64
		{3A7F2847-D754-4EB1-AD57-805DF4F9241F}.Release|x86.ActiveCfg = Release|x86
		{3A7F2847-D754-4EB1-AD57-805DF4F9241F}.Release|x86.Build.0 = Release|x86
		{724EAACF-1475-4F47-8109-4C9EBE6A72DA}.Debug|Any CPU.ActiveCfg = Debug|Any CPU
		{724EAACF-1475-4F47-8109-4C9EBE6A72DA}.Debug|Any CPU.Build.0 = Debug|Any CPU
		{724EAACF-1475-4F47-8109-4C9EBE6A72DA}.Debug|x64.ActiveCfg = Debug|x64
		{724EAACF-1475-4F47-8109-4C9EBE6A72DA}.Debug|x64.Build.0 = Debug|x64
		{724EAACF-1475-4F47-8109-4C9EBE6A72DA}.Debug|x86.ActiveCfg = Debug|x86
		{724EAACF-1475-4F47-8109-4C9EBE6A72DA}.Debug|x86.Build.0 = Debug|x86
		{724EAACF-1475-4F47-8109-4C9EBE6A72DA}.Release|Any CPU.ActiveCfg = Release|Any CPU
		{724EAACF-1475-4F47-8109-4C9EBE6A72DA}.Release|Any CPU.Build.0 = Release|Any CPU
		{724EAACF-1475-4F47-8109-4C9EBE6A72DA}.Release|x64.ActiveCfg = Release|x64
		{724EAACF-1475-4F47-8109-4C9EBE6A72DA}.Release|x64.Build.0 = Release|x64
		{724EAACF-1475-4F47-8109-4C9EBE6A72DA}.Release|x86.ActiveCfg = Release|x86
		{724EAACF-1475-4F47-8109-4C9EBE6A72DA}.Release|x86.Build.0 = Release|x86
		{500B0C50-09F7-4A68-91C3-619E12157AAD}.Debug|Any CPU.ActiveCfg = Debug|Any CPU
		{500B0C50-09F7-4A68-91C3-619E12157AAD}.Debug|Any CPU.Build.0 = Debug|Any CPU
		{500B0C50-09F7-4A68-91C3-619E12157AAD}.Debug|x64.ActiveCfg = Debug|x64
		{500B0C50-09F7-4A68-91C3-619E12157AAD}.Debug|x64.Build.0 = Debug|x64
		{500B0C50-09F7-4A68-91C3-619E12157AAD}.Debug|x86.ActiveCfg = Debug|x86
		{500B0C50-09F7-4A68-91C3-619E12157AAD}.Debug|x86.Build.0 = Debug|x86
		{500B0C50-09F7-4A68-91C3-619E12157AAD}.Release|Any CPU.ActiveCfg = Release|Any CPU
		{500B0C50-09F7-4A68-91C3-619E12157AAD}.Release|Any CPU.Build.0 = Release|Any CPU
		{500B0C50-09F7-4A68-91C3-619E12157AAD}.Release|x64.ActiveCfg = Release|x64
		{500B0C50-09F7-4A68-91C3-619E12157AAD}.Release|x64.Build.0 = Release|x64
		{500B0C50-09F7-4A68-91C3-619E12157AAD}.Release|x86.ActiveCfg = Release|x86
		{500B0C50-09F7-4A68-91C3-619E12157AAD}.Release|x86.Build.0 = Release|x86
		{789A37E6-D166-47E3-80AE-90C9159271F3}.Debug|Any CPU.ActiveCfg = Debug|Any CPU
		{789A37E6-D166-47E3-80AE-90C9159271F3}.Debug|Any CPU.Build.0 = Debug|Any CPU
		{789A37E6-D166-47E3-80AE-90C9159271F3}.Debug|x64.ActiveCfg = Debug|x64
		{789A37E6-D166-47E3-80AE-90C9159271F3}.Debug|x64.Build.0 = Debug|x64
		{789A37E6-D166-47E3-80AE-90C9159271F3}.Debug|x86.ActiveCfg = Debug|x86
		{789A37E6-D166-47E3-80AE-90C9159271F3}.Debug|x86.Build.0 = Debug|x86
		{789A37E6-D166-47E3-80AE-90C9159271F3}.Release|Any CPU.ActiveCfg = Release|Any CPU
		{789A37E6-D166-47E3-80AE-90C9159271F3}.Release|Any CPU.Build.0 = Release|Any CPU
		{789A37E6-D166-47E3-80AE-90C9159271F3}.Release|x64.ActiveCfg = Release|x64
		{789A37E6-D166-47E3-80AE-90C9159271F3}.Release|x64.Build.0 = Release|x64
		{789A37E6-D166-47E3-80AE-90C9159271F3}.Release|x86.ActiveCfg = Release|x86
		{789A37E6-D166-47E3-80AE-90C9159271F3}.Release|x86.Build.0 = Release|x86
		{628AEB23-CBE8-4B89-A1B6-AB6B1C22D0FC}.Debug|Any CPU.ActiveCfg = Debug|Any CPU
		{628AEB23-CBE8-4B89-A1B6-AB6B1C22D0FC}.Debug|Any CPU.Build.0 = Debug|Any CPU
		{628AEB23-CBE8-4B89-A1B6-AB6B1C22D0FC}.Debug|x64.ActiveCfg = Debug|x64
		{628AEB23-CBE8-4B89-A1B6-AB6B1C22D0FC}.Debug|x64.Build.0 = Debug|x64
		{628AEB23-CBE8-4B89-A1B6-AB6B1C22D0FC}.Debug|x86.ActiveCfg = Debug|x86
		{628AEB23-CBE8-4B89-A1B6-AB6B1C22D0FC}.Debug|x86.Build.0 = Debug|x86
		{628AEB23-CBE8-4B89-A1B6-AB6B1C22D0FC}.Release|Any CPU.ActiveCfg = Release|Any CPU
		{628AEB23-CBE8-4B89-A1B6-AB6B1C22D0FC}.Release|Any CPU.Build.0 = Release|Any CPU
		{628AEB23-CBE8-4B89-A1B6-AB6B1C22D0FC}.Release|x64.ActiveCfg = Release|x64
		{628AEB23-CBE8-4B89-A1B6-AB6B1C22D0FC}.Release|x64.Build.0 = Release|x64
		{628AEB23-CBE8-4B89-A1B6-AB6B1C22D0FC}.Release|x86.ActiveCfg = Release|x86
		{628AEB23-CBE8-4B89-A1B6-AB6B1C22D0FC}.Release|x86.Build.0 = Release|x86
		{00B458AF-C87B-4558-8BA7-B21D9626621E}.Debug|Any CPU.ActiveCfg = Debug|Any CPU
		{00B458AF-C87B-4558-8BA7-B21D9626621E}.Debug|Any CPU.Build.0 = Debug|Any CPU
		{00B458AF-C87B-4558-8BA7-B21D9626621E}.Debug|x64.ActiveCfg = Debug|x64
		{00B458AF-C87B-4558-8BA7-B21D9626621E}.Debug|x64.Build.0 = Debug|x64
		{00B458AF-C87B-4558-8BA7-B21D9626621E}.Debug|x86.ActiveCfg = Debug|x86
		{00B458AF-C87B-4558-8BA7-B21D9626621E}.Debug|x86.Build.0 = Debug|x86
		{00B458AF-C87B-4558-8BA7-B21D9626621E}.Release|Any CPU.ActiveCfg = Release|Any CPU
		{00B458AF-C87B-4558-8BA7-B21D9626621E}.Release|Any CPU.Build.0 = Release|Any CPU
		{00B458AF-C87B-4558-8BA7-B21D9626621E}.Release|x64.ActiveCfg = Release|x64
		{00B458AF-C87B-4558-8BA7-B21D9626621E}.Release|x64.Build.0 = Release|x64
		{00B458AF-C87B-4558-8BA7-B21D9626621E}.Release|x86.ActiveCfg = Release|x86
		{00B458AF-C87B-4558-8BA7-B21D9626621E}.Release|x86.Build.0 = Release|x86
		{B85FDC6F-9D3F-4B24-AF53-AA30B6244BAB}.Debug|Any CPU.ActiveCfg = Debug|Any CPU
		{B85FDC6F-9D3F-4B24-AF53-AA30B6244BAB}.Debug|Any CPU.Build.0 = Debug|Any CPU
		{B85FDC6F-9D3F-4B24-AF53-AA30B6244BAB}.Debug|x64.ActiveCfg = Debug|x64
		{B85FDC6F-9D3F-4B24-AF53-AA30B6244BAB}.Debug|x64.Build.0 = Debug|x64
		{B85FDC6F-9D3F-4B24-AF53-AA30B6244BAB}.Debug|x86.ActiveCfg = Debug|x86
		{B85FDC6F-9D3F-4B24-AF53-AA30B6244BAB}.Debug|x86.Build.0 = Debug|x86
		{B85FDC6F-9D3F-4B24-AF53-AA30B6244BAB}.Release|Any CPU.ActiveCfg = Release|Any CPU
		{B85FDC6F-9D3F-4B24-AF53-AA30B6244BAB}.Release|Any CPU.Build.0 = Release|Any CPU
		{B85FDC6F-9D3F-4B24-AF53-AA30B6244BAB}.Release|x64.ActiveCfg = Release|x64
		{B85FDC6F-9D3F-4B24-AF53-AA30B6244BAB}.Release|x64.Build.0 = Release|x64
		{B85FDC6F-9D3F-4B24-AF53-AA30B6244BAB}.Release|x86.ActiveCfg = Release|x86
		{B85FDC6F-9D3F-4B24-AF53-AA30B6244BAB}.Release|x86.Build.0 = Release|x86
		{094D6E52-B9EF-4A1E-808E-CF6A0DBECA42}.Debug|Any CPU.ActiveCfg = Debug|Any CPU
		{094D6E52-B9EF-4A1E-808E-CF6A0DBECA42}.Debug|Any CPU.Build.0 = Debug|Any CPU
		{094D6E52-B9EF-4A1E-808E-CF6A0DBECA42}.Debug|x64.ActiveCfg = Debug|x64
		{094D6E52-B9EF-4A1E-808E-CF6A0DBECA42}.Debug|x64.Build.0 = Debug|x64
		{094D6E52-B9EF-4A1E-808E-CF6A0DBECA42}.Debug|x86.ActiveCfg = Debug|x86
		{094D6E52-B9EF-4A1E-808E-CF6A0DBECA42}.Debug|x86.Build.0 = Debug|x86
		{094D6E52-B9EF-4A1E-808E-CF6A0DBECA42}.Release|Any CPU.ActiveCfg = Release|Any CPU
		{094D6E52-B9EF-4A1E-808E-CF6A0DBECA42}.Release|Any CPU.Build.0 = Release|Any CPU
		{094D6E52-B9EF-4A1E-808E-CF6A0DBECA42}.Release|x64.ActiveCfg = Release|x64
		{094D6E52-B9EF-4A1E-808E-CF6A0DBECA42}.Release|x64.Build.0 = Release|x64
		{094D6E52-B9EF-4A1E-808E-CF6A0DBECA42}.Release|x86.ActiveCfg = Release|x86
		{094D6E52-B9EF-4A1E-808E-CF6A0DBECA42}.Release|x86.Build.0 = Release|x86
		{2C853490-7908-4E36-B906-72EBA82B4236}.Debug|Any CPU.ActiveCfg = Debug|Any CPU
		{2C853490-7908-4E36-B906-72EBA82B4236}.Debug|Any CPU.Build.0 = Debug|Any CPU
		{2C853490-7908-4E36-B906-72EBA82B4236}.Debug|x64.ActiveCfg = Debug|Any CPU
		{2C853490-7908-4E36-B906-72EBA82B4236}.Debug|x64.Build.0 = Debug|Any CPU
		{2C853490-7908-4E36-B906-72EBA82B4236}.Debug|x86.ActiveCfg = Debug|Any CPU
		{2C853490-7908-4E36-B906-72EBA82B4236}.Debug|x86.Build.0 = Debug|Any CPU
		{2C853490-7908-4E36-B906-72EBA82B4236}.Release|Any CPU.ActiveCfg = Release|Any CPU
		{2C853490-7908-4E36-B906-72EBA82B4236}.Release|Any CPU.Build.0 = Release|Any CPU
		{2C853490-7908-4E36-B906-72EBA82B4236}.Release|x64.ActiveCfg = Release|Any CPU
		{2C853490-7908-4E36-B906-72EBA82B4236}.Release|x64.Build.0 = Release|Any CPU
		{2C853490-7908-4E36-B906-72EBA82B4236}.Release|x86.ActiveCfg = Release|Any CPU
		{2C853490-7908-4E36-B906-72EBA82B4236}.Release|x86.Build.0 = Release|Any CPU
		{D1A7D787-0FE7-4281-9458-D2C8F728E404}.Debug|Any CPU.ActiveCfg = Debug|Any CPU
		{D1A7D787-0FE7-4281-9458-D2C8F728E404}.Debug|Any CPU.Build.0 = Debug|Any CPU
		{D1A7D787-0FE7-4281-9458-D2C8F728E404}.Debug|x64.ActiveCfg = Debug|x64
		{D1A7D787-0FE7-4281-9458-D2C8F728E404}.Debug|x64.Build.0 = Debug|x64
		{D1A7D787-0FE7-4281-9458-D2C8F728E404}.Debug|x86.ActiveCfg = Debug|x86
		{D1A7D787-0FE7-4281-9458-D2C8F728E404}.Debug|x86.Build.0 = Debug|x86
		{D1A7D787-0FE7-4281-9458-D2C8F728E404}.Release|Any CPU.ActiveCfg = Release|Any CPU
		{D1A7D787-0FE7-4281-9458-D2C8F728E404}.Release|Any CPU.Build.0 = Release|Any CPU
		{D1A7D787-0FE7-4281-9458-D2C8F728E404}.Release|x64.ActiveCfg = Release|x64
		{D1A7D787-0FE7-4281-9458-D2C8F728E404}.Release|x64.Build.0 = Release|x64
		{D1A7D787-0FE7-4281-9458-D2C8F728E404}.Release|x86.ActiveCfg = Release|x86
		{D1A7D787-0FE7-4281-9458-D2C8F728E404}.Release|x86.Build.0 = Release|x86
		{5BE3B1DC-2039-450C-AD58-AB35620FFC4E}.Debug|Any CPU.ActiveCfg = Debug|Any CPU
		{5BE3B1DC-2039-450C-AD58-AB35620FFC4E}.Debug|Any CPU.Build.0 = Debug|Any CPU
		{5BE3B1DC-2039-450C-AD58-AB35620FFC4E}.Debug|x64.ActiveCfg = Debug|x64
		{5BE3B1DC-2039-450C-AD58-AB35620FFC4E}.Debug|x64.Build.0 = Debug|x64
		{5BE3B1DC-2039-450C-AD58-AB35620FFC4E}.Debug|x86.ActiveCfg = Debug|x86
		{5BE3B1DC-2039-450C-AD58-AB35620FFC4E}.Debug|x86.Build.0 = Debug|x86
		{5BE3B1DC-2039-450C-AD58-AB35620FFC4E}.Release|Any CPU.ActiveCfg = Release|Any CPU
		{5BE3B1DC-2039-450C-AD58-AB35620FFC4E}.Release|Any CPU.Build.0 = Release|Any CPU
		{5BE3B1DC-2039-450C-AD58-AB35620FFC4E}.Release|x64.ActiveCfg = Release|x64
		{5BE3B1DC-2039-450C-AD58-AB35620FFC4E}.Release|x64.Build.0 = Release|x64
		{5BE3B1DC-2039-450C-AD58-AB35620FFC4E}.Release|x86.ActiveCfg = Release|x86
		{5BE3B1DC-2039-450C-AD58-AB35620FFC4E}.Release|x86.Build.0 = Release|x86
		{0CA7B0B7-273A-4C00-9CB7-D9951AC0BDCE}.Debug|Any CPU.ActiveCfg = Debug|Any CPU
		{0CA7B0B7-273A-4C00-9CB7-D9951AC0BDCE}.Debug|Any CPU.Build.0 = Debug|Any CPU
		{0CA7B0B7-273A-4C00-9CB7-D9951AC0BDCE}.Debug|x64.ActiveCfg = Debug|x64
		{0CA7B0B7-273A-4C00-9CB7-D9951AC0BDCE}.Debug|x64.Build.0 = Debug|x64
		{0CA7B0B7-273A-4C00-9CB7-D9951AC0BDCE}.Debug|x86.ActiveCfg = Debug|x86
		{0CA7B0B7-273A-4C00-9CB7-D9951AC0BDCE}.Debug|x86.Build.0 = Debug|x86
		{0CA7B0B7-273A-4C00-9CB7-D9951AC0BDCE}.Release|Any CPU.ActiveCfg = Release|Any CPU
		{0CA7B0B7-273A-4C00-9CB7-D9951AC0BDCE}.Release|Any CPU.Build.0 = Release|Any CPU
		{0CA7B0B7-273A-4C00-9CB7-D9951AC0BDCE}.Release|x64.ActiveCfg = Release|x64
		{0CA7B0B7-273A-4C00-9CB7-D9951AC0BDCE}.Release|x64.Build.0 = Release|x64
		{0CA7B0B7-273A-4C00-9CB7-D9951AC0BDCE}.Release|x86.ActiveCfg = Release|x86
		{0CA7B0B7-273A-4C00-9CB7-D9951AC0BDCE}.Release|x86.Build.0 = Release|x86
		{C41805E5-1006-44B7-9B6F-7E25DDE637C1}.Debug|Any CPU.ActiveCfg = Debug|Any CPU
		{C41805E5-1006-44B7-9B6F-7E25DDE637C1}.Debug|Any CPU.Build.0 = Debug|Any CPU
		{C41805E5-1006-44B7-9B6F-7E25DDE637C1}.Debug|x64.ActiveCfg = Debug|x64
		{C41805E5-1006-44B7-9B6F-7E25DDE637C1}.Debug|x64.Build.0 = Debug|x64
		{C41805E5-1006-44B7-9B6F-7E25DDE637C1}.Debug|x86.ActiveCfg = Debug|x86
		{C41805E5-1006-44B7-9B6F-7E25DDE637C1}.Debug|x86.Build.0 = Debug|x86
		{C41805E5-1006-44B7-9B6F-7E25DDE637C1}.Release|Any CPU.ActiveCfg = Release|Any CPU
		{C41805E5-1006-44B7-9B6F-7E25DDE637C1}.Release|Any CPU.Build.0 = Release|Any CPU
		{C41805E5-1006-44B7-9B6F-7E25DDE637C1}.Release|x64.ActiveCfg = Release|Any CPU
		{C41805E5-1006-44B7-9B6F-7E25DDE637C1}.Release|x64.Build.0 = Release|Any CPU
		{C41805E5-1006-44B7-9B6F-7E25DDE637C1}.Release|x86.ActiveCfg = Release|Any CPU
		{C41805E5-1006-44B7-9B6F-7E25DDE637C1}.Release|x86.Build.0 = Release|Any CPU
		{25081629-0DCF-4C8A-B29C-97FF14355A0A}.Debug|Any CPU.ActiveCfg = Debug|Any CPU
		{25081629-0DCF-4C8A-B29C-97FF14355A0A}.Debug|Any CPU.Build.0 = Debug|Any CPU
		{25081629-0DCF-4C8A-B29C-97FF14355A0A}.Debug|x64.ActiveCfg = Debug|Any CPU
		{25081629-0DCF-4C8A-B29C-97FF14355A0A}.Debug|x64.Build.0 = Debug|Any CPU
		{25081629-0DCF-4C8A-B29C-97FF14355A0A}.Debug|x86.ActiveCfg = Debug|Any CPU
		{25081629-0DCF-4C8A-B29C-97FF14355A0A}.Debug|x86.Build.0 = Debug|Any CPU
		{25081629-0DCF-4C8A-B29C-97FF14355A0A}.Release|Any CPU.ActiveCfg = Release|Any CPU
		{25081629-0DCF-4C8A-B29C-97FF14355A0A}.Release|Any CPU.Build.0 = Release|Any CPU
		{25081629-0DCF-4C8A-B29C-97FF14355A0A}.Release|x64.ActiveCfg = Release|Any CPU
		{25081629-0DCF-4C8A-B29C-97FF14355A0A}.Release|x64.Build.0 = Release|Any CPU
		{25081629-0DCF-4C8A-B29C-97FF14355A0A}.Release|x86.ActiveCfg = Release|Any CPU
		{25081629-0DCF-4C8A-B29C-97FF14355A0A}.Release|x86.Build.0 = Release|Any CPU
		{50F49BEF-1865-48B2-8CB1-C9A5E35A189E}.Debug|Any CPU.ActiveCfg = Debug|Any CPU
		{50F49BEF-1865-48B2-8CB1-C9A5E35A189E}.Debug|Any CPU.Build.0 = Debug|Any CPU
		{50F49BEF-1865-48B2-8CB1-C9A5E35A189E}.Debug|x64.ActiveCfg = Debug|Any CPU
		{50F49BEF-1865-48B2-8CB1-C9A5E35A189E}.Debug|x64.Build.0 = Debug|Any CPU
		{50F49BEF-1865-48B2-8CB1-C9A5E35A189E}.Debug|x86.ActiveCfg = Debug|Any CPU
		{50F49BEF-1865-48B2-8CB1-C9A5E35A189E}.Debug|x86.Build.0 = Debug|Any CPU
		{50F49BEF-1865-48B2-8CB1-C9A5E35A189E}.Release|Any CPU.ActiveCfg = Release|Any CPU
		{50F49BEF-1865-48B2-8CB1-C9A5E35A189E}.Release|Any CPU.Build.0 = Release|Any CPU
		{50F49BEF-1865-48B2-8CB1-C9A5E35A189E}.Release|x64.ActiveCfg = Release|Any CPU
		{50F49BEF-1865-48B2-8CB1-C9A5E35A189E}.Release|x64.Build.0 = Release|Any CPU
		{50F49BEF-1865-48B2-8CB1-C9A5E35A189E}.Release|x86.ActiveCfg = Release|Any CPU
		{50F49BEF-1865-48B2-8CB1-C9A5E35A189E}.Release|x86.Build.0 = Release|Any CPU
		{4C7BC035-7C0C-4D18-B225-EFC3556E51FD}.Debug|Any CPU.ActiveCfg = Debug|Any CPU
		{4C7BC035-7C0C-4D18-B225-EFC3556E51FD}.Debug|Any CPU.Build.0 = Debug|Any CPU
		{4C7BC035-7C0C-4D18-B225-EFC3556E51FD}.Debug|x64.ActiveCfg = Debug|Any CPU
		{4C7BC035-7C0C-4D18-B225-EFC3556E51FD}.Debug|x64.Build.0 = Debug|Any CPU
		{4C7BC035-7C0C-4D18-B225-EFC3556E51FD}.Debug|x86.ActiveCfg = Debug|Any CPU
		{4C7BC035-7C0C-4D18-B225-EFC3556E51FD}.Debug|x86.Build.0 = Debug|Any CPU
		{4C7BC035-7C0C-4D18-B225-EFC3556E51FD}.Release|Any CPU.ActiveCfg = Release|Any CPU
		{4C7BC035-7C0C-4D18-B225-EFC3556E51FD}.Release|Any CPU.Build.0 = Release|Any CPU
		{4C7BC035-7C0C-4D18-B225-EFC3556E51FD}.Release|x64.ActiveCfg = Release|Any CPU
		{4C7BC035-7C0C-4D18-B225-EFC3556E51FD}.Release|x64.Build.0 = Release|Any CPU
		{4C7BC035-7C0C-4D18-B225-EFC3556E51FD}.Release|x86.ActiveCfg = Release|Any CPU
		{4C7BC035-7C0C-4D18-B225-EFC3556E51FD}.Release|x86.Build.0 = Release|Any CPU
		{01D3F406-AEDA-4C60-951A-6B1133AEC859}.Debug|Any CPU.ActiveCfg = Debug|Any CPU
		{01D3F406-AEDA-4C60-951A-6B1133AEC859}.Debug|Any CPU.Build.0 = Debug|Any CPU
		{01D3F406-AEDA-4C60-951A-6B1133AEC859}.Debug|x64.ActiveCfg = Debug|Any CPU
		{01D3F406-AEDA-4C60-951A-6B1133AEC859}.Debug|x64.Build.0 = Debug|Any CPU
		{01D3F406-AEDA-4C60-951A-6B1133AEC859}.Debug|x86.ActiveCfg = Debug|Any CPU
		{01D3F406-AEDA-4C60-951A-6B1133AEC859}.Debug|x86.Build.0 = Debug|Any CPU
		{01D3F406-AEDA-4C60-951A-6B1133AEC859}.Release|Any CPU.ActiveCfg = Release|Any CPU
		{01D3F406-AEDA-4C60-951A-6B1133AEC859}.Release|Any CPU.Build.0 = Release|Any CPU
		{01D3F406-AEDA-4C60-951A-6B1133AEC859}.Release|x64.ActiveCfg = Release|Any CPU
		{01D3F406-AEDA-4C60-951A-6B1133AEC859}.Release|x64.Build.0 = Release|Any CPU
		{01D3F406-AEDA-4C60-951A-6B1133AEC859}.Release|x86.ActiveCfg = Release|Any CPU
		{01D3F406-AEDA-4C60-951A-6B1133AEC859}.Release|x86.Build.0 = Release|Any CPU
		{8A3A8267-B6A3-441B-BCF1-925B09FF920E}.Debug|Any CPU.ActiveCfg = Debug|Any CPU
		{8A3A8267-B6A3-441B-BCF1-925B09FF920E}.Debug|Any CPU.Build.0 = Debug|Any CPU
		{8A3A8267-B6A3-441B-BCF1-925B09FF920E}.Debug|x64.ActiveCfg = Debug|Any CPU
		{8A3A8267-B6A3-441B-BCF1-925B09FF920E}.Debug|x64.Build.0 = Debug|Any CPU
		{8A3A8267-B6A3-441B-BCF1-925B09FF920E}.Debug|x86.ActiveCfg = Debug|Any CPU
		{8A3A8267-B6A3-441B-BCF1-925B09FF920E}.Debug|x86.Build.0 = Debug|Any CPU
		{8A3A8267-B6A3-441B-BCF1-925B09FF920E}.Release|Any CPU.ActiveCfg = Release|Any CPU
		{8A3A8267-B6A3-441B-BCF1-925B09FF920E}.Release|Any CPU.Build.0 = Release|Any CPU
		{8A3A8267-B6A3-441B-BCF1-925B09FF920E}.Release|x64.ActiveCfg = Release|Any CPU
		{8A3A8267-B6A3-441B-BCF1-925B09FF920E}.Release|x64.Build.0 = Release|Any CPU
		{8A3A8267-B6A3-441B-BCF1-925B09FF920E}.Release|x86.ActiveCfg = Release|Any CPU
		{8A3A8267-B6A3-441B-BCF1-925B09FF920E}.Release|x86.Build.0 = Release|Any CPU
		{80EA18BC-ABA5-40F7-8483-6B94750CD704}.Debug|Any CPU.ActiveCfg = Debug|Any CPU
		{80EA18BC-ABA5-40F7-8483-6B94750CD704}.Debug|Any CPU.Build.0 = Debug|Any CPU
		{80EA18BC-ABA5-40F7-8483-6B94750CD704}.Debug|x64.ActiveCfg = Debug|Any CPU
		{80EA18BC-ABA5-40F7-8483-6B94750CD704}.Debug|x64.Build.0 = Debug|Any CPU
		{80EA18BC-ABA5-40F7-8483-6B94750CD704}.Debug|x86.ActiveCfg = Debug|Any CPU
		{80EA18BC-ABA5-40F7-8483-6B94750CD704}.Debug|x86.Build.0 = Debug|Any CPU
		{80EA18BC-ABA5-40F7-8483-6B94750CD704}.Release|Any CPU.ActiveCfg = Release|Any CPU
		{80EA18BC-ABA5-40F7-8483-6B94750CD704}.Release|Any CPU.Build.0 = Release|Any CPU
		{80EA18BC-ABA5-40F7-8483-6B94750CD704}.Release|x64.ActiveCfg = Release|Any CPU
		{80EA18BC-ABA5-40F7-8483-6B94750CD704}.Release|x64.Build.0 = Release|Any CPU
		{80EA18BC-ABA5-40F7-8483-6B94750CD704}.Release|x86.ActiveCfg = Release|Any CPU
		{80EA18BC-ABA5-40F7-8483-6B94750CD704}.Release|x86.Build.0 = Release|Any CPU
		{FA516A9E-EA0B-4F74-A5AA-23DE3D109ADC}.Debug|Any CPU.ActiveCfg = Debug|Any CPU
		{FA516A9E-EA0B-4F74-A5AA-23DE3D109ADC}.Debug|Any CPU.Build.0 = Debug|Any CPU
		{FA516A9E-EA0B-4F74-A5AA-23DE3D109ADC}.Debug|x64.ActiveCfg = Debug|Any CPU
		{FA516A9E-EA0B-4F74-A5AA-23DE3D109ADC}.Debug|x64.Build.0 = Debug|Any CPU
		{FA516A9E-EA0B-4F74-A5AA-23DE3D109ADC}.Debug|x86.ActiveCfg = Debug|Any CPU
		{FA516A9E-EA0B-4F74-A5AA-23DE3D109ADC}.Debug|x86.Build.0 = Debug|Any CPU
		{FA516A9E-EA0B-4F74-A5AA-23DE3D109ADC}.Release|Any CPU.ActiveCfg = Release|Any CPU
		{FA516A9E-EA0B-4F74-A5AA-23DE3D109ADC}.Release|Any CPU.Build.0 = Release|Any CPU
		{FA516A9E-EA0B-4F74-A5AA-23DE3D109ADC}.Release|x64.ActiveCfg = Release|Any CPU
		{FA516A9E-EA0B-4F74-A5AA-23DE3D109ADC}.Release|x64.Build.0 = Release|Any CPU
		{FA516A9E-EA0B-4F74-A5AA-23DE3D109ADC}.Release|x86.ActiveCfg = Release|Any CPU
		{FA516A9E-EA0B-4F74-A5AA-23DE3D109ADC}.Release|x86.Build.0 = Release|Any CPU
		{32F89F23-5D70-4E01-93A1-39EF67EDBAC3}.Debug|Any CPU.ActiveCfg = Debug|Any CPU
		{32F89F23-5D70-4E01-93A1-39EF67EDBAC3}.Debug|Any CPU.Build.0 = Debug|Any CPU
		{32F89F23-5D70-4E01-93A1-39EF67EDBAC3}.Debug|x64.ActiveCfg = Debug|Any CPU
		{32F89F23-5D70-4E01-93A1-39EF67EDBAC3}.Debug|x64.Build.0 = Debug|Any CPU
		{32F89F23-5D70-4E01-93A1-39EF67EDBAC3}.Debug|x86.ActiveCfg = Debug|Any CPU
		{32F89F23-5D70-4E01-93A1-39EF67EDBAC3}.Debug|x86.Build.0 = Debug|Any CPU
		{32F89F23-5D70-4E01-93A1-39EF67EDBAC3}.Release|Any CPU.ActiveCfg = Release|Any CPU
		{32F89F23-5D70-4E01-93A1-39EF67EDBAC3}.Release|Any CPU.Build.0 = Release|Any CPU
		{32F89F23-5D70-4E01-93A1-39EF67EDBAC3}.Release|x64.ActiveCfg = Release|Any CPU
		{32F89F23-5D70-4E01-93A1-39EF67EDBAC3}.Release|x64.Build.0 = Release|Any CPU
		{32F89F23-5D70-4E01-93A1-39EF67EDBAC3}.Release|x86.ActiveCfg = Release|Any CPU
		{32F89F23-5D70-4E01-93A1-39EF67EDBAC3}.Release|x86.Build.0 = Release|Any CPU
		{0221CF37-EEC1-4144-91C4-00176A735D34}.Debug|Any CPU.ActiveCfg = Debug|Any CPU
		{0221CF37-EEC1-4144-91C4-00176A735D34}.Debug|Any CPU.Build.0 = Debug|Any CPU
		{0221CF37-EEC1-4144-91C4-00176A735D34}.Debug|x64.ActiveCfg = Debug|Any CPU
		{0221CF37-EEC1-4144-91C4-00176A735D34}.Debug|x64.Build.0 = Debug|Any CPU
		{0221CF37-EEC1-4144-91C4-00176A735D34}.Debug|x86.ActiveCfg = Debug|Any CPU
		{0221CF37-EEC1-4144-91C4-00176A735D34}.Debug|x86.Build.0 = Debug|Any CPU
		{0221CF37-EEC1-4144-91C4-00176A735D34}.Release|Any CPU.ActiveCfg = Release|Any CPU
		{0221CF37-EEC1-4144-91C4-00176A735D34}.Release|Any CPU.Build.0 = Release|Any CPU
		{0221CF37-EEC1-4144-91C4-00176A735D34}.Release|x64.ActiveCfg = Release|Any CPU
		{0221CF37-EEC1-4144-91C4-00176A735D34}.Release|x64.Build.0 = Release|Any CPU
		{0221CF37-EEC1-4144-91C4-00176A735D34}.Release|x86.ActiveCfg = Release|Any CPU
		{0221CF37-EEC1-4144-91C4-00176A735D34}.Release|x86.Build.0 = Release|Any CPU
		{E4077E94-96EA-4999-AE8F-F93B519E4411}.Debug|Any CPU.ActiveCfg = Debug|Any CPU
		{E4077E94-96EA-4999-AE8F-F93B519E4411}.Debug|Any CPU.Build.0 = Debug|Any CPU
		{E4077E94-96EA-4999-AE8F-F93B519E4411}.Debug|x64.ActiveCfg = Debug|Any CPU
		{E4077E94-96EA-4999-AE8F-F93B519E4411}.Debug|x64.Build.0 = Debug|Any CPU
		{E4077E94-96EA-4999-AE8F-F93B519E4411}.Debug|x86.ActiveCfg = Debug|Any CPU
		{E4077E94-96EA-4999-AE8F-F93B519E4411}.Debug|x86.Build.0 = Debug|Any CPU
		{E4077E94-96EA-4999-AE8F-F93B519E4411}.Release|Any CPU.ActiveCfg = Release|Any CPU
		{E4077E94-96EA-4999-AE8F-F93B519E4411}.Release|Any CPU.Build.0 = Release|Any CPU
		{E4077E94-96EA-4999-AE8F-F93B519E4411}.Release|x64.ActiveCfg = Release|Any CPU
		{E4077E94-96EA-4999-AE8F-F93B519E4411}.Release|x64.Build.0 = Release|Any CPU
		{E4077E94-96EA-4999-AE8F-F93B519E4411}.Release|x86.ActiveCfg = Release|Any CPU
		{E4077E94-96EA-4999-AE8F-F93B519E4411}.Release|x86.Build.0 = Release|Any CPU
		{9760A8E7-084E-4574-93E5-3473745E502D}.Debug|Any CPU.ActiveCfg = Debug|Any CPU
		{9760A8E7-084E-4574-93E5-3473745E502D}.Debug|Any CPU.Build.0 = Debug|Any CPU
		{9760A8E7-084E-4574-93E5-3473745E502D}.Debug|x64.ActiveCfg = Debug|Any CPU
		{9760A8E7-084E-4574-93E5-3473745E502D}.Debug|x64.Build.0 = Debug|Any CPU
		{9760A8E7-084E-4574-93E5-3473745E502D}.Debug|x86.ActiveCfg = Debug|Any CPU
		{9760A8E7-084E-4574-93E5-3473745E502D}.Debug|x86.Build.0 = Debug|Any CPU
		{9760A8E7-084E-4574-93E5-3473745E502D}.Release|Any CPU.ActiveCfg = Release|Any CPU
		{9760A8E7-084E-4574-93E5-3473745E502D}.Release|Any CPU.Build.0 = Release|Any CPU
		{9760A8E7-084E-4574-93E5-3473745E502D}.Release|x64.ActiveCfg = Release|Any CPU
		{9760A8E7-084E-4574-93E5-3473745E502D}.Release|x64.Build.0 = Release|Any CPU
		{9760A8E7-084E-4574-93E5-3473745E502D}.Release|x86.ActiveCfg = Release|Any CPU
		{9760A8E7-084E-4574-93E5-3473745E502D}.Release|x86.Build.0 = Release|Any CPU
		{FCD8AD1B-893C-475C-82E3-77F957772FE3}.Debug|Any CPU.ActiveCfg = Debug|Any CPU
		{FCD8AD1B-893C-475C-82E3-77F957772FE3}.Debug|Any CPU.Build.0 = Debug|Any CPU
		{FCD8AD1B-893C-475C-82E3-77F957772FE3}.Debug|x64.ActiveCfg = Debug|Any CPU
		{FCD8AD1B-893C-475C-82E3-77F957772FE3}.Debug|x64.Build.0 = Debug|Any CPU
		{FCD8AD1B-893C-475C-82E3-77F957772FE3}.Debug|x86.ActiveCfg = Debug|Any CPU
		{FCD8AD1B-893C-475C-82E3-77F957772FE3}.Debug|x86.Build.0 = Debug|Any CPU
		{FCD8AD1B-893C-475C-82E3-77F957772FE3}.Release|Any CPU.ActiveCfg = Release|Any CPU
		{FCD8AD1B-893C-475C-82E3-77F957772FE3}.Release|Any CPU.Build.0 = Release|Any CPU
		{FCD8AD1B-893C-475C-82E3-77F957772FE3}.Release|x64.ActiveCfg = Release|Any CPU
		{FCD8AD1B-893C-475C-82E3-77F957772FE3}.Release|x64.Build.0 = Release|Any CPU
		{FCD8AD1B-893C-475C-82E3-77F957772FE3}.Release|x86.ActiveCfg = Release|Any CPU
		{FCD8AD1B-893C-475C-82E3-77F957772FE3}.Release|x86.Build.0 = Release|Any CPU
		{AF96073C-D599-4604-8E8F-60B8BE186745}.Debug|Any CPU.ActiveCfg = Debug|Any CPU
		{AF96073C-D599-4604-8E8F-60B8BE186745}.Debug|Any CPU.Build.0 = Debug|Any CPU
		{AF96073C-D599-4604-8E8F-60B8BE186745}.Debug|x64.ActiveCfg = Debug|Any CPU
		{AF96073C-D599-4604-8E8F-60B8BE186745}.Debug|x64.Build.0 = Debug|Any CPU
		{AF96073C-D599-4604-8E8F-60B8BE186745}.Debug|x86.ActiveCfg = Debug|Any CPU
		{AF96073C-D599-4604-8E8F-60B8BE186745}.Debug|x86.Build.0 = Debug|Any CPU
		{AF96073C-D599-4604-8E8F-60B8BE186745}.Release|Any CPU.ActiveCfg = Release|Any CPU
		{AF96073C-D599-4604-8E8F-60B8BE186745}.Release|Any CPU.Build.0 = Release|Any CPU
		{AF96073C-D599-4604-8E8F-60B8BE186745}.Release|x64.ActiveCfg = Release|Any CPU
		{AF96073C-D599-4604-8E8F-60B8BE186745}.Release|x64.Build.0 = Release|Any CPU
		{AF96073C-D599-4604-8E8F-60B8BE186745}.Release|x86.ActiveCfg = Release|Any CPU
		{AF96073C-D599-4604-8E8F-60B8BE186745}.Release|x86.Build.0 = Release|Any CPU
		{17B2B5F8-66C4-4E77-B910-C41C0539F436}.Debug|Any CPU.ActiveCfg = Debug|Any CPU
		{17B2B5F8-66C4-4E77-B910-C41C0539F436}.Debug|Any CPU.Build.0 = Debug|Any CPU
		{17B2B5F8-66C4-4E77-B910-C41C0539F436}.Debug|x64.ActiveCfg = Debug|Any CPU
		{17B2B5F8-66C4-4E77-B910-C41C0539F436}.Debug|x64.Build.0 = Debug|Any CPU
		{17B2B5F8-66C4-4E77-B910-C41C0539F436}.Debug|x86.ActiveCfg = Debug|Any CPU
		{17B2B5F8-66C4-4E77-B910-C41C0539F436}.Debug|x86.Build.0 = Debug|Any CPU
		{17B2B5F8-66C4-4E77-B910-C41C0539F436}.Release|Any CPU.ActiveCfg = Release|Any CPU
		{17B2B5F8-66C4-4E77-B910-C41C0539F436}.Release|Any CPU.Build.0 = Release|Any CPU
		{17B2B5F8-66C4-4E77-B910-C41C0539F436}.Release|x64.ActiveCfg = Release|Any CPU
		{17B2B5F8-66C4-4E77-B910-C41C0539F436}.Release|x64.Build.0 = Release|Any CPU
		{17B2B5F8-66C4-4E77-B910-C41C0539F436}.Release|x86.ActiveCfg = Release|Any CPU
		{17B2B5F8-66C4-4E77-B910-C41C0539F436}.Release|x86.Build.0 = Release|Any CPU
		{5B52488B-2CBE-4FC7-9004-E0C23E97907F}.Debug|Any CPU.ActiveCfg = Debug|Any CPU
		{5B52488B-2CBE-4FC7-9004-E0C23E97907F}.Debug|Any CPU.Build.0 = Debug|Any CPU
		{5B52488B-2CBE-4FC7-9004-E0C23E97907F}.Debug|x64.ActiveCfg = Debug|Any CPU
		{5B52488B-2CBE-4FC7-9004-E0C23E97907F}.Debug|x64.Build.0 = Debug|Any CPU
		{5B52488B-2CBE-4FC7-9004-E0C23E97907F}.Debug|x86.ActiveCfg = Debug|Any CPU
		{5B52488B-2CBE-4FC7-9004-E0C23E97907F}.Debug|x86.Build.0 = Debug|Any CPU
		{5B52488B-2CBE-4FC7-9004-E0C23E97907F}.Release|Any CPU.ActiveCfg = Release|Any CPU
		{5B52488B-2CBE-4FC7-9004-E0C23E97907F}.Release|Any CPU.Build.0 = Release|Any CPU
		{5B52488B-2CBE-4FC7-9004-E0C23E97907F}.Release|x64.ActiveCfg = Release|Any CPU
		{5B52488B-2CBE-4FC7-9004-E0C23E97907F}.Release|x64.Build.0 = Release|Any CPU
		{5B52488B-2CBE-4FC7-9004-E0C23E97907F}.Release|x86.ActiveCfg = Release|Any CPU
		{5B52488B-2CBE-4FC7-9004-E0C23E97907F}.Release|x86.Build.0 = Release|Any CPU
		{080E826A-D582-47F3-9865-457B79E4BCC6}.Debug|Any CPU.ActiveCfg = Debug|Any CPU
		{080E826A-D582-47F3-9865-457B79E4BCC6}.Debug|Any CPU.Build.0 = Debug|Any CPU
		{080E826A-D582-47F3-9865-457B79E4BCC6}.Debug|x64.ActiveCfg = Debug|Any CPU
		{080E826A-D582-47F3-9865-457B79E4BCC6}.Debug|x64.Build.0 = Debug|Any CPU
		{080E826A-D582-47F3-9865-457B79E4BCC6}.Debug|x86.ActiveCfg = Debug|Any CPU
		{080E826A-D582-47F3-9865-457B79E4BCC6}.Debug|x86.Build.0 = Debug|Any CPU
		{080E826A-D582-47F3-9865-457B79E4BCC6}.Release|Any CPU.ActiveCfg = Release|Any CPU
		{080E826A-D582-47F3-9865-457B79E4BCC6}.Release|Any CPU.Build.0 = Release|Any CPU
		{080E826A-D582-47F3-9865-457B79E4BCC6}.Release|x64.ActiveCfg = Release|Any CPU
		{080E826A-D582-47F3-9865-457B79E4BCC6}.Release|x64.Build.0 = Release|Any CPU
		{080E826A-D582-47F3-9865-457B79E4BCC6}.Release|x86.ActiveCfg = Release|Any CPU
		{080E826A-D582-47F3-9865-457B79E4BCC6}.Release|x86.Build.0 = Release|Any CPU
		{707552CB-AB59-44E6-8118-27BDED057105}.Debug|Any CPU.ActiveCfg = Debug|Any CPU
		{707552CB-AB59-44E6-8118-27BDED057105}.Debug|Any CPU.Build.0 = Debug|Any CPU
		{707552CB-AB59-44E6-8118-27BDED057105}.Debug|x64.ActiveCfg = Debug|Any CPU
		{707552CB-AB59-44E6-8118-27BDED057105}.Debug|x64.Build.0 = Debug|Any CPU
		{707552CB-AB59-44E6-8118-27BDED057105}.Debug|x86.ActiveCfg = Debug|Any CPU
		{707552CB-AB59-44E6-8118-27BDED057105}.Debug|x86.Build.0 = Debug|Any CPU
		{707552CB-AB59-44E6-8118-27BDED057105}.Release|Any CPU.ActiveCfg = Release|Any CPU
		{707552CB-AB59-44E6-8118-27BDED057105}.Release|Any CPU.Build.0 = Release|Any CPU
		{707552CB-AB59-44E6-8118-27BDED057105}.Release|x64.ActiveCfg = Release|Any CPU
		{707552CB-AB59-44E6-8118-27BDED057105}.Release|x64.Build.0 = Release|Any CPU
		{707552CB-AB59-44E6-8118-27BDED057105}.Release|x86.ActiveCfg = Release|Any CPU
		{707552CB-AB59-44E6-8118-27BDED057105}.Release|x86.Build.0 = Release|Any CPU
		{E88F9679-4337-4B7A-A501-F9EE90823646}.Debug|Any CPU.ActiveCfg = Debug|Any CPU
		{E88F9679-4337-4B7A-A501-F9EE90823646}.Debug|Any CPU.Build.0 = Debug|Any CPU
		{E88F9679-4337-4B7A-A501-F9EE90823646}.Debug|x64.ActiveCfg = Debug|Any CPU
		{E88F9679-4337-4B7A-A501-F9EE90823646}.Debug|x64.Build.0 = Debug|Any CPU
		{E88F9679-4337-4B7A-A501-F9EE90823646}.Debug|x86.ActiveCfg = Debug|Any CPU
		{E88F9679-4337-4B7A-A501-F9EE90823646}.Debug|x86.Build.0 = Debug|Any CPU
		{E88F9679-4337-4B7A-A501-F9EE90823646}.Release|Any CPU.ActiveCfg = Release|Any CPU
		{E88F9679-4337-4B7A-A501-F9EE90823646}.Release|Any CPU.Build.0 = Release|Any CPU
		{E88F9679-4337-4B7A-A501-F9EE90823646}.Release|x64.ActiveCfg = Release|Any CPU
		{E88F9679-4337-4B7A-A501-F9EE90823646}.Release|x64.Build.0 = Release|Any CPU
		{E88F9679-4337-4B7A-A501-F9EE90823646}.Release|x86.ActiveCfg = Release|Any CPU
		{E88F9679-4337-4B7A-A501-F9EE90823646}.Release|x86.Build.0 = Release|Any CPU
		{A172453C-4D5A-43F3-9394-87AEE96C010C}.Debug|Any CPU.ActiveCfg = Debug|Any CPU
		{A172453C-4D5A-43F3-9394-87AEE96C010C}.Debug|Any CPU.Build.0 = Debug|Any CPU
		{A172453C-4D5A-43F3-9394-87AEE96C010C}.Debug|x64.ActiveCfg = Debug|Any CPU
		{A172453C-4D5A-43F3-9394-87AEE96C010C}.Debug|x64.Build.0 = Debug|Any CPU
		{A172453C-4D5A-43F3-9394-87AEE96C010C}.Debug|x86.ActiveCfg = Debug|Any CPU
		{A172453C-4D5A-43F3-9394-87AEE96C010C}.Debug|x86.Build.0 = Debug|Any CPU
		{A172453C-4D5A-43F3-9394-87AEE96C010C}.Release|Any CPU.ActiveCfg = Release|Any CPU
		{A172453C-4D5A-43F3-9394-87AEE96C010C}.Release|Any CPU.Build.0 = Release|Any CPU
		{A172453C-4D5A-43F3-9394-87AEE96C010C}.Release|x64.ActiveCfg = Release|Any CPU
		{A172453C-4D5A-43F3-9394-87AEE96C010C}.Release|x64.Build.0 = Release|Any CPU
		{A172453C-4D5A-43F3-9394-87AEE96C010C}.Release|x86.ActiveCfg = Release|Any CPU
		{A172453C-4D5A-43F3-9394-87AEE96C010C}.Release|x86.Build.0 = Release|Any CPU
		{8E39B1FE-77E5-4D34-A913-F2CDD11F366F}.Debug|Any CPU.ActiveCfg = Debug|Any CPU
		{8E39B1FE-77E5-4D34-A913-F2CDD11F366F}.Debug|Any CPU.Build.0 = Debug|Any CPU
		{8E39B1FE-77E5-4D34-A913-F2CDD11F366F}.Debug|x64.ActiveCfg = Debug|Any CPU
		{8E39B1FE-77E5-4D34-A913-F2CDD11F366F}.Debug|x64.Build.0 = Debug|Any CPU
		{8E39B1FE-77E5-4D34-A913-F2CDD11F366F}.Debug|x86.ActiveCfg = Debug|Any CPU
		{8E39B1FE-77E5-4D34-A913-F2CDD11F366F}.Debug|x86.Build.0 = Debug|Any CPU
		{8E39B1FE-77E5-4D34-A913-F2CDD11F366F}.Release|Any CPU.ActiveCfg = Release|Any CPU
		{8E39B1FE-77E5-4D34-A913-F2CDD11F366F}.Release|Any CPU.Build.0 = Release|Any CPU
		{8E39B1FE-77E5-4D34-A913-F2CDD11F366F}.Release|x64.ActiveCfg = Release|Any CPU
		{8E39B1FE-77E5-4D34-A913-F2CDD11F366F}.Release|x64.Build.0 = Release|Any CPU
		{8E39B1FE-77E5-4D34-A913-F2CDD11F366F}.Release|x86.ActiveCfg = Release|Any CPU
		{8E39B1FE-77E5-4D34-A913-F2CDD11F366F}.Release|x86.Build.0 = Release|Any CPU
		{89092185-300C-425C-9F5A-D6A2E1D6D284}.Debug|Any CPU.ActiveCfg = Debug|Any CPU
		{89092185-300C-425C-9F5A-D6A2E1D6D284}.Debug|Any CPU.Build.0 = Debug|Any CPU
		{89092185-300C-425C-9F5A-D6A2E1D6D284}.Debug|x64.ActiveCfg = Debug|Any CPU
		{89092185-300C-425C-9F5A-D6A2E1D6D284}.Debug|x64.Build.0 = Debug|Any CPU
		{89092185-300C-425C-9F5A-D6A2E1D6D284}.Debug|x86.ActiveCfg = Debug|Any CPU
		{89092185-300C-425C-9F5A-D6A2E1D6D284}.Debug|x86.Build.0 = Debug|Any CPU
		{89092185-300C-425C-9F5A-D6A2E1D6D284}.Release|Any CPU.ActiveCfg = Release|Any CPU
		{89092185-300C-425C-9F5A-D6A2E1D6D284}.Release|Any CPU.Build.0 = Release|Any CPU
		{89092185-300C-425C-9F5A-D6A2E1D6D284}.Release|x64.ActiveCfg = Release|Any CPU
		{89092185-300C-425C-9F5A-D6A2E1D6D284}.Release|x64.Build.0 = Release|Any CPU
		{89092185-300C-425C-9F5A-D6A2E1D6D284}.Release|x86.ActiveCfg = Release|Any CPU
		{89092185-300C-425C-9F5A-D6A2E1D6D284}.Release|x86.Build.0 = Release|Any CPU
		{62D6759A-E69C-4DFB-B98A-EF2A9FD5A56D}.Debug|Any CPU.ActiveCfg = Debug|Any CPU
		{62D6759A-E69C-4DFB-B98A-EF2A9FD5A56D}.Debug|Any CPU.Build.0 = Debug|Any CPU
		{62D6759A-E69C-4DFB-B98A-EF2A9FD5A56D}.Debug|x64.ActiveCfg = Debug|Any CPU
		{62D6759A-E69C-4DFB-B98A-EF2A9FD5A56D}.Debug|x64.Build.0 = Debug|Any CPU
		{62D6759A-E69C-4DFB-B98A-EF2A9FD5A56D}.Debug|x86.ActiveCfg = Debug|Any CPU
		{62D6759A-E69C-4DFB-B98A-EF2A9FD5A56D}.Debug|x86.Build.0 = Debug|Any CPU
		{62D6759A-E69C-4DFB-B98A-EF2A9FD5A56D}.Release|Any CPU.ActiveCfg = Release|Any CPU
		{62D6759A-E69C-4DFB-B98A-EF2A9FD5A56D}.Release|Any CPU.Build.0 = Release|Any CPU
		{62D6759A-E69C-4DFB-B98A-EF2A9FD5A56D}.Release|x64.ActiveCfg = Release|Any CPU
		{62D6759A-E69C-4DFB-B98A-EF2A9FD5A56D}.Release|x64.Build.0 = Release|Any CPU
		{62D6759A-E69C-4DFB-B98A-EF2A9FD5A56D}.Release|x86.ActiveCfg = Release|Any CPU
		{62D6759A-E69C-4DFB-B98A-EF2A9FD5A56D}.Release|x86.Build.0 = Release|Any CPU
		{B8065A3A-6B06-5DE2-8C9C-9301998E7F00}.Debug|Any CPU.ActiveCfg = Debug|Any CPU
		{B8065A3A-6B06-5DE2-8C9C-9301998E7F00}.Debug|Any CPU.Build.0 = Debug|Any CPU
		{B8065A3A-6B06-5DE2-8C9C-9301998E7F00}.Debug|x64.ActiveCfg = Debug|Any CPU
		{B8065A3A-6B06-5DE2-8C9C-9301998E7F00}.Debug|x64.Build.0 = Debug|Any CPU
		{B8065A3A-6B06-5DE2-8C9C-9301998E7F00}.Debug|x86.ActiveCfg = Debug|Any CPU
		{B8065A3A-6B06-5DE2-8C9C-9301998E7F00}.Debug|x86.Build.0 = Debug|Any CPU
		{B8065A3A-6B06-5DE2-8C9C-9301998E7F00}.Release|Any CPU.ActiveCfg = Release|Any CPU
		{B8065A3A-6B06-5DE2-8C9C-9301998E7F00}.Release|Any CPU.Build.0 = Release|Any CPU
		{B8065A3A-6B06-5DE2-8C9C-9301998E7F00}.Release|x64.ActiveCfg = Release|Any CPU
		{B8065A3A-6B06-5DE2-8C9C-9301998E7F00}.Release|x64.Build.0 = Release|Any CPU
		{B8065A3A-6B06-5DE2-8C9C-9301998E7F00}.Release|x86.ActiveCfg = Release|Any CPU
		{B8065A3A-6B06-5DE2-8C9C-9301998E7F00}.Release|x86.Build.0 = Release|Any CPU
		{C6EABB72-135C-4D65-B842-3C9BBCCF7266}.Debug|Any CPU.ActiveCfg = Debug|Any CPU
		{C6EABB72-135C-4D65-B842-3C9BBCCF7266}.Debug|Any CPU.Build.0 = Debug|Any CPU
		{C6EABB72-135C-4D65-B842-3C9BBCCF7266}.Debug|x64.ActiveCfg = Debug|Any CPU
		{C6EABB72-135C-4D65-B842-3C9BBCCF7266}.Debug|x64.Build.0 = Debug|Any CPU
		{C6EABB72-135C-4D65-B842-3C9BBCCF7266}.Debug|x86.ActiveCfg = Debug|Any CPU
		{C6EABB72-135C-4D65-B842-3C9BBCCF7266}.Debug|x86.Build.0 = Debug|Any CPU
		{C6EABB72-135C-4D65-B842-3C9BBCCF7266}.Release|Any CPU.ActiveCfg = Release|Any CPU
		{C6EABB72-135C-4D65-B842-3C9BBCCF7266}.Release|Any CPU.Build.0 = Release|Any CPU
		{C6EABB72-135C-4D65-B842-3C9BBCCF7266}.Release|x64.ActiveCfg = Release|Any CPU
		{C6EABB72-135C-4D65-B842-3C9BBCCF7266}.Release|x64.Build.0 = Release|Any CPU
		{C6EABB72-135C-4D65-B842-3C9BBCCF7266}.Release|x86.ActiveCfg = Release|Any CPU
		{C6EABB72-135C-4D65-B842-3C9BBCCF7266}.Release|x86.Build.0 = Release|Any CPU
	EndGlobalSection
	GlobalSection(SolutionProperties) = preSolution
		HideSolutionNode = FALSE
	EndGlobalSection
	GlobalSection(ExtensibilityGlobals) = postSolution
		SolutionGuid = {52511B7C-61D3-428F-BE8C-65D4DEAC01A0}
	EndGlobalSection
EndGlobal
