
Microsoft Visual Studio Solution File, Format Version 12.00
# Visual Studio 2012
Project("{FAE04EC0-301F-11D3-BF4B-00C04F79EFBC}") = "Mud.Network", "Mud.Network\Mud.Network.csproj", "{C911CF12-D355-4814-91BB-A68D05ADE97C}"
EndProject
Project("{FAE04EC0-301F-11D3-BF4B-00C04F79EFBC}") = "Mud.Server.TestApplication", "Mud.Server.TestApplication\Mud.Server.TestApplication.csproj", "{EF338509-9608-4B2F-B9D1-6355A03BCC82}"
EndProject
Project("{FAE04EC0-301F-11D3-BF4B-00C04F79EFBC}") = "Mud.Logger", "Mud.Logger\Mud.Logger.csproj", "{4E337998-ECAB-493B-9FAA-01366EE90EFF}"
EndProject
Project("{2150E333-8FDC-42A3-9474-1A3956D46DE8}") = "Solution Items", "Solution Items", "{5337A639-8D6A-4F63-83CC-E2CED6D36DD5}"
	ProjectSection(SolutionItems) = preProject
		TODO.txt = TODO.txt
	EndProjectSection
EndProject
Project("{FAE04EC0-301F-11D3-BF4B-00C04F79EFBC}") = "Mud.Server", "Mud.Server\Mud.Server.csproj", "{A21CB6D8-BB97-48EF-8837-A85FEDAF0CCC}"
EndProject
Project("{FAE04EC0-301F-11D3-BF4B-00C04F79EFBC}") = "Mud.Importer.Mystery", "Mud.Importer.Mystery\Mud.Importer.Mystery.csproj", "{B461B0BD-82F7-41E5-B3BA-E364A3F1F61D}"
EndProject
Project("{FAE04EC0-301F-11D3-BF4B-00C04F79EFBC}") = "Mud.Importer", "Mud.Importer\Mud.Importer.csproj", "{3A7F2847-D754-4EB1-AD57-805DF4F9241F}"
EndProject
Project("{FAE04EC0-301F-11D3-BF4B-00C04F79EFBC}") = "Mud.Network.Socket", "Mud.Network.Socket\Mud.Network.Socket.csproj", "{724EAACF-1475-4F47-8109-4C9EBE6A72DA}"
EndProject
Project("{FAE04EC0-301F-11D3-BF4B-00C04F79EFBC}") = "Mud.POC", "Mud.POC\Mud.POC.csproj", "{500B0C50-09F7-4A68-91C3-619E12157AAD}"
EndProject
Global
	GlobalSection(SolutionConfigurationPlatforms) = preSolution
		Debug|Any CPU = Debug|Any CPU
		Release|Any CPU = Release|Any CPU
	EndGlobalSection
	GlobalSection(ProjectConfigurationPlatforms) = postSolution
		{C911CF12-D355-4814-91BB-A68D05ADE97C}.Debug|Any CPU.ActiveCfg = Debug|Any CPU
		{C911CF12-D355-4814-91BB-A68D05ADE97C}.Debug|Any CPU.Build.0 = Debug|Any CPU
		{C911CF12-D355-4814-91BB-A68D05ADE97C}.Release|Any CPU.ActiveCfg = Release|Any CPU
		{C911CF12-D355-4814-91BB-A68D05ADE97C}.Release|Any CPU.Build.0 = Release|Any CPU
		{EF338509-9608-4B2F-B9D1-6355A03BCC82}.Debug|Any CPU.ActiveCfg = Debug|Any CPU
		{EF338509-9608-4B2F-B9D1-6355A03BCC82}.Debug|Any CPU.Build.0 = Debug|Any CPU
		{EF338509-9608-4B2F-B9D1-6355A03BCC82}.Release|Any CPU.ActiveCfg = Release|Any CPU
		{EF338509-9608-4B2F-B9D1-6355A03BCC82}.Release|Any CPU.Build.0 = Release|Any CPU
		{4E337998-ECAB-493B-9FAA-01366EE90EFF}.Debug|Any CPU.ActiveCfg = Debug|Any CPU
		{4E337998-ECAB-493B-9FAA-01366EE90EFF}.Debug|Any CPU.Build.0 = Debug|Any CPU
		{4E337998-ECAB-493B-9FAA-01366EE90EFF}.Release|Any CPU.ActiveCfg = Release|Any CPU
		{4E337998-ECAB-493B-9FAA-01366EE90EFF}.Release|Any CPU.Build.0 = Release|Any CPU
		{A21CB6D8-BB97-48EF-8837-A85FEDAF0CCC}.Debug|Any CPU.ActiveCfg = Debug|Any CPU
		{A21CB6D8-BB97-48EF-8837-A85FEDAF0CCC}.Debug|Any CPU.Build.0 = Debug|Any CPU
		{A21CB6D8-BB97-48EF-8837-A85FEDAF0CCC}.Release|Any CPU.ActiveCfg = Release|Any CPU
		{A21CB6D8-BB97-48EF-8837-A85FEDAF0CCC}.Release|Any CPU.Build.0 = Release|Any CPU
		{B461B0BD-82F7-41E5-B3BA-E364A3F1F61D}.Debug|Any CPU.ActiveCfg = Debug|Any CPU
		{B461B0BD-82F7-41E5-B3BA-E364A3F1F61D}.Debug|Any CPU.Build.0 = Debug|Any CPU
		{B461B0BD-82F7-41E5-B3BA-E364A3F1F61D}.Release|Any CPU.ActiveCfg = Release|Any CPU
		{B461B0BD-82F7-41E5-B3BA-E364A3F1F61D}.Release|Any CPU.Build.0 = Release|Any CPU
		{3A7F2847-D754-4EB1-AD57-805DF4F9241F}.Debug|Any CPU.ActiveCfg = Debug|Any CPU
		{3A7F2847-D754-4EB1-AD57-805DF4F9241F}.Debug|Any CPU.Build.0 = Debug|Any CPU
		{3A7F2847-D754-4EB1-AD57-805DF4F9241F}.Release|Any CPU.ActiveCfg = Release|Any CPU
		{3A7F2847-D754-4EB1-AD57-805DF4F9241F}.Release|Any CPU.Build.0 = Release|Any CPU
		{724EAACF-1475-4F47-8109-4C9EBE6A72DA}.Debug|Any CPU.ActiveCfg = Debug|Any CPU
		{724EAACF-1475-4F47-8109-4C9EBE6A72DA}.Debug|Any CPU.Build.0 = Debug|Any CPU
		{724EAACF-1475-4F47-8109-4C9EBE6A72DA}.Release|Any CPU.ActiveCfg = Release|Any CPU
		{724EAACF-1475-4F47-8109-4C9EBE6A72DA}.Release|Any CPU.Build.0 = Release|Any CPU
		{500B0C50-09F7-4A68-91C3-619E12157AAD}.Debug|Any CPU.ActiveCfg = Debug|Any CPU
		{500B0C50-09F7-4A68-91C3-619E12157AAD}.Debug|Any CPU.Build.0 = Debug|Any CPU
		{500B0C50-09F7-4A68-91C3-619E12157AAD}.Release|Any CPU.ActiveCfg = Release|Any CPU
		{500B0C50-09F7-4A68-91C3-619E12157AAD}.Release|Any CPU.Build.0 = Release|Any CPU
	EndGlobalSection
	GlobalSection(SolutionProperties) = preSolution
		HideSolutionNode = FALSE
	EndGlobalSection
EndGlobal
